// !$*UTF8*$!
{
	archiveVersion = 1;
	classes = {
	};
	objectVersion = 52;
	objects = {

/* Begin PBXBuildFile section */
		3D0494F72639027A004353B4 /* CacheFeedUseCaseTests.swift in Sources */ = {isa = PBXBuildFile; fileRef = 3D0494F62639027A004353B4 /* CacheFeedUseCaseTests.swift */; };
		3D08D4D62670CF64008D98D5 /* EssentialFeedSecondiOS.framework in Frameworks */ = {isa = PBXBuildFile; fileRef = 3D08D4CD2670CF64008D98D5 /* EssentialFeedSecondiOS.framework */; platformFilter = maccatalyst; };
		3D08D4DB2670CF64008D98D5 /* FeedUIIntegrationTests.swift in Sources */ = {isa = PBXBuildFile; fileRef = 3D08D4DA2670CF64008D98D5 /* FeedUIIntegrationTests.swift */; };
		3D109824261B060A0072A7BA /* EssentialFeedSecond.framework in Frameworks */ = {isa = PBXBuildFile; fileRef = 3D10981A261B06090072A7BA /* EssentialFeedSecond.framework */; };
		3D109835261B06980072A7BA /* FeedImage.swift in Sources */ = {isa = PBXBuildFile; fileRef = 3D109834261B06980072A7BA /* FeedImage.swift */; };
		3D109837261B08050072A7BA /* FeedLoader.swift in Sources */ = {isa = PBXBuildFile; fileRef = 3D109836261B08050072A7BA /* FeedLoader.swift */; };
		3D15DE1C26296A6300F9CA95 /* XCTestCase+MemoryLeakTracking.swift in Sources */ = {isa = PBXBuildFile; fileRef = 3D15DE1B26296A6300F9CA95 /* XCTestCase+MemoryLeakTracking.swift */; };
		3D15DE1E26299A4F00F9CA95 /* URLSessionHTTPClient.swift in Sources */ = {isa = PBXBuildFile; fileRef = 3D15DE1D26299A4F00F9CA95 /* URLSessionHTTPClient.swift */; };
		3D18EDD3268ADE180017A922 /* ErrorView.swift in Sources */ = {isa = PBXBuildFile; fileRef = 3D18EDD2268ADE180017A922 /* ErrorView.swift */; };
		3D18EDD9268AECFE0017A922 /* UIRefreshControl+Helpers.swift in Sources */ = {isa = PBXBuildFile; fileRef = 3D18EDD8268AECFE0017A922 /* UIRefreshControl+Helpers.swift */; };
		3D1C365B262693900056F403 /* URLSessionHTTPClientTests.swift in Sources */ = {isa = PBXBuildFile; fileRef = 3D1C365A262693900056F403 /* URLSessionHTTPClientTests.swift */; };
		3D1EEB3F26953B2F008CF405 /* HTTPClientSpy.swift in Sources */ = {isa = PBXBuildFile; fileRef = 3D1EEB3E26953B2F008CF405 /* HTTPClientSpy.swift */; };
		3D1EEB4126953FF3008CF405 /* RemoteFeedImageDataLoader.swift in Sources */ = {isa = PBXBuildFile; fileRef = 3D1EEB4026953FF3008CF405 /* RemoteFeedImageDataLoader.swift */; };
		3D1EEB4426955377008CF405 /* HTTPURLResponse+StatusCode.swift in Sources */ = {isa = PBXBuildFile; fileRef = 3D1EEB4326955377008CF405 /* HTTPURLResponse+StatusCode.swift */; };
		3D1EEB4726955443008CF405 /* URLProtocolStub.swift in Sources */ = {isa = PBXBuildFile; fileRef = 3D1EEB4626955443008CF405 /* URLProtocolStub.swift */; };
		3D225718261C01F100E42C07 /* LoadFeedFromRemoteUseCaseTests.swift in Sources */ = {isa = PBXBuildFile; fileRef = 3D225717261C01F100E42C07 /* LoadFeedFromRemoteUseCaseTests.swift */; };
		3D26A1072640EE6B008C4FAF /* LocalFeedLoader.swift in Sources */ = {isa = PBXBuildFile; fileRef = 3D26A1062640EE6B008C4FAF /* LocalFeedLoader.swift */; };
		3D26A1092640EEC1008C4FAF /* FeedStore.swift in Sources */ = {isa = PBXBuildFile; fileRef = 3D26A1082640EEC1008C4FAF /* FeedStore.swift */; };
		3D2DE58B26797DA100351F26 /* FeedImageCellController.swift in Sources */ = {isa = PBXBuildFile; fileRef = 3D2DE58A26797DA100351F26 /* FeedImageCellController.swift */; };
		3D2DE58E2679B09300351F26 /* FeedUIComposer.swift in Sources */ = {isa = PBXBuildFile; fileRef = 3D2DE58D2679B09300351F26 /* FeedUIComposer.swift */; };
		3D4A926326578E7300F9D164 /* CoreDataFeedStoreTests.swift in Sources */ = {isa = PBXBuildFile; fileRef = 3D4A926226578E7300F9D164 /* CoreDataFeedStoreTests.swift */; };
		3D4A92652657997900F9D164 /* CoreDataFeedStore.swift in Sources */ = {isa = PBXBuildFile; fileRef = 3D4A92642657997900F9D164 /* CoreDataFeedStore.swift */; };
		3D4A926826579E5900F9D164 /* FeedStore.xcdatamodeld in Sources */ = {isa = PBXBuildFile; fileRef = 3D4A926626579E5900F9D164 /* FeedStore.xcdatamodeld */; };
		3D4A926D2657EDF300F9D164 /* CoreDataHelpers.swift in Sources */ = {isa = PBXBuildFile; fileRef = 3D4A926C2657EDF300F9D164 /* CoreDataHelpers.swift */; };
		3D4A926F2657EE5C00F9D164 /* ManagedCache.swift in Sources */ = {isa = PBXBuildFile; fileRef = 3D4A926E2657EE5C00F9D164 /* ManagedCache.swift */; };
		3D4A92712657EE9E00F9D164 /* ManagedFeedImage.swift in Sources */ = {isa = PBXBuildFile; fileRef = 3D4A92702657EE9E00F9D164 /* ManagedFeedImage.swift */; };
		3D568893264F72B300403B5A /* FeedCachePolicy.swift in Sources */ = {isa = PBXBuildFile; fileRef = 3D568892264F72B300403B5A /* FeedCachePolicy.swift */; };
		3D569C3226424B29000716A3 /* RemoteFeedItem.swift in Sources */ = {isa = PBXBuildFile; fileRef = 3D569C3126424B29000716A3 /* RemoteFeedItem.swift */; };
		3D569C3426424B55000716A3 /* LocalFeedImage.swift in Sources */ = {isa = PBXBuildFile; fileRef = 3D569C3326424B55000716A3 /* LocalFeedImage.swift */; };
		3D57F378261D392E0063FAEE /* RemoteFeedLoader.swift in Sources */ = {isa = PBXBuildFile; fileRef = 3D57F377261D392E0063FAEE /* RemoteFeedLoader.swift */; };
		3D5F21482659544600F4E702 /* EssentialFeedSecondCacheIntegrationTests.swift in Sources */ = {isa = PBXBuildFile; fileRef = 3D5F21472659544600F4E702 /* EssentialFeedSecondCacheIntegrationTests.swift */; };
		3D5F214A2659544600F4E702 /* EssentialFeedSecond.framework in Frameworks */ = {isa = PBXBuildFile; fileRef = 3D10981A261B06090072A7BA /* EssentialFeedSecond.framework */; };
		3D6C306A26842240001D8E7F /* FeedViewControllerTests+Localization.swift in Sources */ = {isa = PBXBuildFile; fileRef = 3D6C306926842240001D8E7F /* FeedViewControllerTests+Localization.swift */; };
		3D77E51F2682E01A00DE6578 /* Feed.storyboard in Resources */ = {isa = PBXBuildFile; fileRef = 3D77E51E2682E01A00DE6578 /* Feed.storyboard */; };
		3D77E5212682E0C000DE6578 /* Feed.xcassets in Resources */ = {isa = PBXBuildFile; fileRef = 3D77E5202682E0C000DE6578 /* Feed.xcassets */; };
		3D7B9C60264E284D00FC47C7 /* ValidateFeedCacheUseCaseTests.swift in Sources */ = {isa = PBXBuildFile; fileRef = 3D7B9C5F264E284D00FC47C7 /* ValidateFeedCacheUseCaseTests.swift */; };
		3D7B9C62264E2F1B00FC47C7 /* FeedCacheTestHelpers.swift in Sources */ = {isa = PBXBuildFile; fileRef = 3D7B9C61264E2F1B00FC47C7 /* FeedCacheTestHelpers.swift */; };
		3D7B9C64264E2F7000FC47C7 /* SharedTestHelpers.swift in Sources */ = {isa = PBXBuildFile; fileRef = 3D7B9C63264E2F7000FC47C7 /* SharedTestHelpers.swift */; };
		3D85EF162671DF1100764E88 /* EssentialFeedSecond.framework in Frameworks */ = {isa = PBXBuildFile; fileRef = 3D10981A261B06090072A7BA /* EssentialFeedSecond.framework */; platformFilter = ios; };
		3D85EF172671DF1100764E88 /* EssentialFeedSecond.framework in Embed Frameworks */ = {isa = PBXBuildFile; fileRef = 3D10981A261B06090072A7BA /* EssentialFeedSecond.framework */; platformFilter = ios; settings = {ATTRIBUTES = (CodeSignOnCopy, RemoveHeadersOnCopy, ); }; };
		3D85EF1B2671E17800764E88 /* XCTestCase+MemoryLeakTracking.swift in Sources */ = {isa = PBXBuildFile; fileRef = 3D15DE1B26296A6300F9CA95 /* XCTestCase+MemoryLeakTracking.swift */; };
		3D85EF1D26722A6F00764E88 /* FeedViewController.swift in Sources */ = {isa = PBXBuildFile; fileRef = 3D85EF1C26722A6F00764E88 /* FeedViewController.swift */; };
		3D8D3FB1262AA9CD00F0C79C /* EssentialFeedSecondAPIEndToEndTests.swift in Sources */ = {isa = PBXBuildFile; fileRef = 3D8D3FB0262AA9CD00F0C79C /* EssentialFeedSecondAPIEndToEndTests.swift */; };
		3D8D3FB3262AA9CD00F0C79C /* EssentialFeedSecond.framework in Frameworks */ = {isa = PBXBuildFile; fileRef = 3D10981A261B06090072A7BA /* EssentialFeedSecond.framework */; };
		3D8D3FB9262AB6F300F0C79C /* XCTestCase+MemoryLeakTracking.swift in Sources */ = {isa = PBXBuildFile; fileRef = 3D15DE1B26296A6300F9CA95 /* XCTestCase+MemoryLeakTracking.swift */; };
		3D8DB3302656643A006CAD4A /* FeedStoreSpecs.swift in Sources */ = {isa = PBXBuildFile; fileRef = 3D8DB32F2656643A006CAD4A /* FeedStoreSpecs.swift */; };
		3D8DB3322656651A006CAD4A /* XCTestCase+FeedStoreSpecs.swift in Sources */ = {isa = PBXBuildFile; fileRef = 3D8DB3312656651A006CAD4A /* XCTestCase+FeedStoreSpecs.swift */; };
		3D8DB3342656724D006CAD4A /* XCTestCase+FailableRetrieveFeedStoreSpecs.swift in Sources */ = {isa = PBXBuildFile; fileRef = 3D8DB3332656724D006CAD4A /* XCTestCase+FailableRetrieveFeedStoreSpecs.swift */; };
		3D8DB33626567378006CAD4A /* XCTestCase+FailableInsertFeedStoreSpecs.swift in Sources */ = {isa = PBXBuildFile; fileRef = 3D8DB33526567378006CAD4A /* XCTestCase+FailableInsertFeedStoreSpecs.swift */; };
		3D8DB3382656746B006CAD4A /* XCTestCase+FailableDeleteFeedStoreSpecs.swift in Sources */ = {isa = PBXBuildFile; fileRef = 3D8DB3372656746B006CAD4A /* XCTestCase+FailableDeleteFeedStoreSpecs.swift */; };
		3D9BDDDD268D6C7C007C5D6A /* FeedPresenter.swift in Sources */ = {isa = PBXBuildFile; fileRef = 3D9BDDDC268D6C7C007C5D6A /* FeedPresenter.swift */; };
		3D9BDDDE268D6E20007C5D6A /* Feed.strings in Resources */ = {isa = PBXBuildFile; fileRef = 3D9BDDD8268D6A95007C5D6A /* Feed.strings */; };
		3D9BDDE0268D6E73007C5D6A /* FeedViewModel.swift in Sources */ = {isa = PBXBuildFile; fileRef = 3D9BDDDF268D6E73007C5D6A /* FeedViewModel.swift */; };
		3D9BDDE4268D6F1B007C5D6A /* FeedLoadingViewModel.swift in Sources */ = {isa = PBXBuildFile; fileRef = 3D9BDDE3268D6F1B007C5D6A /* FeedLoadingViewModel.swift */; };
		3D9BDDE6268D6F67007C5D6A /* FeedErrorViewModel.swift in Sources */ = {isa = PBXBuildFile; fileRef = 3D9BDDE5268D6F67007C5D6A /* FeedErrorViewModel.swift */; };
		3D9BDDE7268D7D13007C5D6A /* FeedLocalizationTests.swift in Sources */ = {isa = PBXBuildFile; fileRef = 3D6C30722684270A001D8E7F /* FeedLocalizationTests.swift */; };
		3D9BDDE9268D8184007C5D6A /* FeedImagePresenterTests.swift in Sources */ = {isa = PBXBuildFile; fileRef = 3D9BDDE8268D8184007C5D6A /* FeedImagePresenterTests.swift */; };
		3DB42B292643849F006A531C /* LoadFeedFromCacheUseCaseTests.swift in Sources */ = {isa = PBXBuildFile; fileRef = 3DB42B282643849F006A531C /* LoadFeedFromCacheUseCaseTests.swift */; };
		3DB42B2C264388A1006A531C /* FeedStoreSpy.swift in Sources */ = {isa = PBXBuildFile; fileRef = 3DB42B2B264388A1006A531C /* FeedStoreSpy.swift */; };
		3DB69A36268F176600B125AA /* FeedImageDataLoader.swift in Sources */ = {isa = PBXBuildFile; fileRef = 3DD66E6326786C1600D7EDE5 /* FeedImageDataLoader.swift */; };
		3DB69A38268F17A100B125AA /* LoadFeedImageDataFromRemoteUseCaseTests.swift in Sources */ = {isa = PBXBuildFile; fileRef = 3DB69A37268F17A100B125AA /* LoadFeedImageDataFromRemoteUseCaseTests.swift */; };
		3DBE08E226731446008B3467 /* FeedImageCell.swift in Sources */ = {isa = PBXBuildFile; fileRef = 3DBE08E126731446008B3467 /* FeedImageCell.swift */; };
		3DD66E4D2678621400D7EDE5 /* UIImage+TestHelpers.swift in Sources */ = {isa = PBXBuildFile; fileRef = 3DD66E4C2678621400D7EDE5 /* UIImage+TestHelpers.swift */; };
		3DD66E4F267862B200D7EDE5 /* UIRefreshControl+TestHelpers.swift in Sources */ = {isa = PBXBuildFile; fileRef = 3DD66E4E267862B200D7EDE5 /* UIRefreshControl+TestHelpers.swift */; };
		3DD66E51267862D600D7EDE5 /* UIButton+TestHelpers.swift in Sources */ = {isa = PBXBuildFile; fileRef = 3DD66E50267862D600D7EDE5 /* UIButton+TestHelpers.swift */; };
		3DD66E53267863D100D7EDE5 /* UIControl+TestHelpers.swift in Sources */ = {isa = PBXBuildFile; fileRef = 3DD66E52267863D100D7EDE5 /* UIControl+TestHelpers.swift */; };
		3DD66E59267869F600D7EDE5 /* FeedViewController+TestHelpers.swift in Sources */ = {isa = PBXBuildFile; fileRef = 3DD66E58267869F600D7EDE5 /* FeedViewController+TestHelpers.swift */; };
		3DD66E5B26786A4F00D7EDE5 /* FeedImageCell+TestHelpers.swift in Sources */ = {isa = PBXBuildFile; fileRef = 3DD66E5A26786A4F00D7EDE5 /* FeedImageCell+TestHelpers.swift */; };
		3DD66E5D26786A9D00D7EDE5 /* FeedViewControllerTests+LoaderSpy.swift in Sources */ = {isa = PBXBuildFile; fileRef = 3DD66E5C26786A9D00D7EDE5 /* FeedViewControllerTests+LoaderSpy.swift */; };
		3DD66E5F26786AFA00D7EDE5 /* FeedViewControllerTests+Assertions.swift in Sources */ = {isa = PBXBuildFile; fileRef = 3DD66E5E26786AFA00D7EDE5 /* FeedViewControllerTests+Assertions.swift */; };
		3DD82A782623E34D00835310 /* HTTPClient.swift in Sources */ = {isa = PBXBuildFile; fileRef = 3DD82A772623E34D00835310 /* HTTPClient.swift */; };
		3DD82A7A2623E38B00835310 /* FeedItemsMapper.swift in Sources */ = {isa = PBXBuildFile; fileRef = 3DD82A792623E38B00835310 /* FeedItemsMapper.swift */; };
		3DDEA2B426832891000D4928 /* UITableView+Dequeueing.swift in Sources */ = {isa = PBXBuildFile; fileRef = 3DDEA2B326832891000D4928 /* UITableView+Dequeueing.swift */; };
		3DDEA2B6268329E9000D4928 /* UIImageView+Animations.swift in Sources */ = {isa = PBXBuildFile; fileRef = 3DDEA2B5268329E9000D4928 /* UIImageView+Animations.swift */; };
		3DE0D8592685C770002BA58C /* MainQueueDispatchDecorator.swift in Sources */ = {isa = PBXBuildFile; fileRef = 3DE0D8582685C770002BA58C /* MainQueueDispatchDecorator.swift */; };
		3DE0D85B2685C84D002BA58C /* WeakRefVirtualProxy.swift in Sources */ = {isa = PBXBuildFile; fileRef = 3DE0D85A2685C84D002BA58C /* WeakRefVirtualProxy.swift */; };
		3DE0D85D2685C8F0002BA58C /* FeedImageDataLoaderPresentationAdapter.swift in Sources */ = {isa = PBXBuildFile; fileRef = 3DE0D85C2685C8F0002BA58C /* FeedImageDataLoaderPresentationAdapter.swift */; };
		3DE0D85F2685C949002BA58C /* FeedLoaderPresentationAdapter.swift in Sources */ = {isa = PBXBuildFile; fileRef = 3DE0D85E2685C949002BA58C /* FeedLoaderPresentationAdapter.swift */; };
		3DE0D8612685C987002BA58C /* FeedViewAdapter.swift in Sources */ = {isa = PBXBuildFile; fileRef = 3DE0D8602685C987002BA58C /* FeedViewAdapter.swift */; };
		3DE2E6B4268C04E00051B21D /* FeedPresenterTests.swift in Sources */ = {isa = PBXBuildFile; fileRef = 3DE2E6B3268C04E00051B21D /* FeedPresenterTests.swift */; };
		3DEC07D12676F1BD00E078B1 /* UIView+Shimmering.swift in Sources */ = {isa = PBXBuildFile; fileRef = 3DEC07D02676F1BD00E078B1 /* UIView+Shimmering.swift */; };
		3DFC8479268ED32700A7A63E /* FeedImagePresenter.swift in Sources */ = {isa = PBXBuildFile; fileRef = 3DFC8478268ED32700A7A63E /* FeedImagePresenter.swift */; };
		3DFC847B268ED39B00A7A63E /* FeedImageViewModel.swift in Sources */ = {isa = PBXBuildFile; fileRef = 3DFC847A268ED39B00A7A63E /* FeedImageViewModel.swift */; };
		3DFEF8A82659F2FC00028FA1 /* XCTestCase+MemoryLeakTracking.swift in Sources */ = {isa = PBXBuildFile; fileRef = 3D15DE1B26296A6300F9CA95 /* XCTestCase+MemoryLeakTracking.swift */; };
		3DFEF8A92659F91700028FA1 /* FeedCacheTestHelpers.swift in Sources */ = {isa = PBXBuildFile; fileRef = 3D7B9C61264E2F1B00FC47C7 /* FeedCacheTestHelpers.swift */; };
		3DFEF8AA265A188B00028FA1 /* SharedTestHelpers.swift in Sources */ = {isa = PBXBuildFile; fileRef = 3D7B9C63264E2F7000FC47C7 /* SharedTestHelpers.swift */; };
/* End PBXBuildFile section */

/* Begin PBXContainerItemProxy section */
		3D08D4D72670CF64008D98D5 /* PBXContainerItemProxy */ = {
			isa = PBXContainerItemProxy;
			containerPortal = 3D109811261B06090072A7BA /* Project object */;
			proxyType = 1;
			remoteGlobalIDString = 3D08D4CC2670CF64008D98D5;
			remoteInfo = EssentialFeedSecondiOS;
		};
		3D109825261B060A0072A7BA /* PBXContainerItemProxy */ = {
			isa = PBXContainerItemProxy;
			containerPortal = 3D109811261B06090072A7BA /* Project object */;
			proxyType = 1;
			remoteGlobalIDString = 3D109819261B06090072A7BA;
			remoteInfo = EssentialFeedSecond;
		};
		3D5F214B2659544600F4E702 /* PBXContainerItemProxy */ = {
			isa = PBXContainerItemProxy;
			containerPortal = 3D109811261B06090072A7BA /* Project object */;
			proxyType = 1;
			remoteGlobalIDString = 3D109819261B06090072A7BA;
			remoteInfo = EssentialFeedSecond;
		};
		3D85EF182671DF1100764E88 /* PBXContainerItemProxy */ = {
			isa = PBXContainerItemProxy;
			containerPortal = 3D109811261B06090072A7BA /* Project object */;
			proxyType = 1;
			remoteGlobalIDString = 3D109819261B06090072A7BA;
			remoteInfo = EssentialFeedSecond;
		};
		3D8D3FB4262AA9CD00F0C79C /* PBXContainerItemProxy */ = {
			isa = PBXContainerItemProxy;
			containerPortal = 3D109811261B06090072A7BA /* Project object */;
			proxyType = 1;
			remoteGlobalIDString = 3D109819261B06090072A7BA;
			remoteInfo = EssentialFeedSecond;
		};
/* End PBXContainerItemProxy section */

/* Begin PBXCopyFilesBuildPhase section */
		3D85EF1A2671DF1100764E88 /* Embed Frameworks */ = {
			isa = PBXCopyFilesBuildPhase;
			buildActionMask = 2147483647;
			dstPath = "";
			dstSubfolderSpec = 10;
			files = (
				3D85EF172671DF1100764E88 /* EssentialFeedSecond.framework in Embed Frameworks */,
			);
			name = "Embed Frameworks";
			runOnlyForDeploymentPostprocessing = 0;
		};
/* End PBXCopyFilesBuildPhase section */

/* Begin PBXFileReference section */
		3D0494F62639027A004353B4 /* CacheFeedUseCaseTests.swift */ = {isa = PBXFileReference; lastKnownFileType = sourcecode.swift; path = CacheFeedUseCaseTests.swift; sourceTree = "<group>"; };
		3D08D4CD2670CF64008D98D5 /* EssentialFeedSecondiOS.framework */ = {isa = PBXFileReference; explicitFileType = wrapper.framework; includeInIndex = 0; path = EssentialFeedSecondiOS.framework; sourceTree = BUILT_PRODUCTS_DIR; };
		3D08D4D02670CF64008D98D5 /* Info.plist */ = {isa = PBXFileReference; lastKnownFileType = text.plist.xml; path = Info.plist; sourceTree = "<group>"; };
		3D08D4D52670CF64008D98D5 /* EssentialFeedSecondiOSTests.xctest */ = {isa = PBXFileReference; explicitFileType = wrapper.cfbundle; includeInIndex = 0; path = EssentialFeedSecondiOSTests.xctest; sourceTree = BUILT_PRODUCTS_DIR; };
		3D08D4DA2670CF64008D98D5 /* FeedUIIntegrationTests.swift */ = {isa = PBXFileReference; lastKnownFileType = sourcecode.swift; path = FeedUIIntegrationTests.swift; sourceTree = "<group>"; };
		3D08D4DC2670CF64008D98D5 /* Info.plist */ = {isa = PBXFileReference; lastKnownFileType = text.plist.xml; path = Info.plist; sourceTree = "<group>"; };
		3D10981A261B06090072A7BA /* EssentialFeedSecond.framework */ = {isa = PBXFileReference; explicitFileType = wrapper.framework; includeInIndex = 0; path = EssentialFeedSecond.framework; sourceTree = BUILT_PRODUCTS_DIR; };
		3D10981E261B060A0072A7BA /* Info.plist */ = {isa = PBXFileReference; lastKnownFileType = text.plist.xml; path = Info.plist; sourceTree = "<group>"; };
		3D109823261B060A0072A7BA /* EssentialFeedSecondTests.xctest */ = {isa = PBXFileReference; explicitFileType = wrapper.cfbundle; includeInIndex = 0; path = EssentialFeedSecondTests.xctest; sourceTree = BUILT_PRODUCTS_DIR; };
		3D10982A261B060A0072A7BA /* Info.plist */ = {isa = PBXFileReference; lastKnownFileType = text.plist.xml; path = Info.plist; sourceTree = "<group>"; };
		3D109834261B06980072A7BA /* FeedImage.swift */ = {isa = PBXFileReference; lastKnownFileType = sourcecode.swift; path = FeedImage.swift; sourceTree = "<group>"; };
		3D109836261B08050072A7BA /* FeedLoader.swift */ = {isa = PBXFileReference; lastKnownFileType = sourcecode.swift; path = FeedLoader.swift; sourceTree = "<group>"; };
		3D15DE1B26296A6300F9CA95 /* XCTestCase+MemoryLeakTracking.swift */ = {isa = PBXFileReference; lastKnownFileType = sourcecode.swift; path = "XCTestCase+MemoryLeakTracking.swift"; sourceTree = "<group>"; };
		3D15DE1D26299A4F00F9CA95 /* URLSessionHTTPClient.swift */ = {isa = PBXFileReference; lastKnownFileType = sourcecode.swift; path = URLSessionHTTPClient.swift; sourceTree = "<group>"; };
		3D18EDD2268ADE180017A922 /* ErrorView.swift */ = {isa = PBXFileReference; lastKnownFileType = sourcecode.swift; path = ErrorView.swift; sourceTree = "<group>"; };
		3D18EDD8268AECFE0017A922 /* UIRefreshControl+Helpers.swift */ = {isa = PBXFileReference; lastKnownFileType = sourcecode.swift; path = "UIRefreshControl+Helpers.swift"; sourceTree = "<group>"; };
		3D1C365A262693900056F403 /* URLSessionHTTPClientTests.swift */ = {isa = PBXFileReference; lastKnownFileType = sourcecode.swift; path = URLSessionHTTPClientTests.swift; sourceTree = "<group>"; };
		3D1EEB3E26953B2F008CF405 /* HTTPClientSpy.swift */ = {isa = PBXFileReference; lastKnownFileType = sourcecode.swift; path = HTTPClientSpy.swift; sourceTree = "<group>"; };
		3D1EEB4026953FF3008CF405 /* RemoteFeedImageDataLoader.swift */ = {isa = PBXFileReference; lastKnownFileType = sourcecode.swift; path = RemoteFeedImageDataLoader.swift; sourceTree = "<group>"; };
		3D1EEB4326955377008CF405 /* HTTPURLResponse+StatusCode.swift */ = {isa = PBXFileReference; lastKnownFileType = sourcecode.swift; path = "HTTPURLResponse+StatusCode.swift"; sourceTree = "<group>"; };
		3D1EEB4626955443008CF405 /* URLProtocolStub.swift */ = {isa = PBXFileReference; lastKnownFileType = sourcecode.swift; path = URLProtocolStub.swift; sourceTree = "<group>"; };
		3D225717261C01F100E42C07 /* LoadFeedFromRemoteUseCaseTests.swift */ = {isa = PBXFileReference; lastKnownFileType = sourcecode.swift; path = LoadFeedFromRemoteUseCaseTests.swift; sourceTree = "<group>"; };
		3D26A1062640EE6B008C4FAF /* LocalFeedLoader.swift */ = {isa = PBXFileReference; lastKnownFileType = sourcecode.swift; path = LocalFeedLoader.swift; sourceTree = "<group>"; };
		3D26A1082640EEC1008C4FAF /* FeedStore.swift */ = {isa = PBXFileReference; lastKnownFileType = sourcecode.swift; path = FeedStore.swift; sourceTree = "<group>"; };
		3D2DE58A26797DA100351F26 /* FeedImageCellController.swift */ = {isa = PBXFileReference; lastKnownFileType = sourcecode.swift; path = FeedImageCellController.swift; sourceTree = "<group>"; };
		3D2DE58D2679B09300351F26 /* FeedUIComposer.swift */ = {isa = PBXFileReference; lastKnownFileType = sourcecode.swift; path = FeedUIComposer.swift; sourceTree = "<group>"; };
		3D4A926226578E7300F9D164 /* CoreDataFeedStoreTests.swift */ = {isa = PBXFileReference; lastKnownFileType = sourcecode.swift; path = CoreDataFeedStoreTests.swift; sourceTree = "<group>"; };
		3D4A92642657997900F9D164 /* CoreDataFeedStore.swift */ = {isa = PBXFileReference; lastKnownFileType = sourcecode.swift; path = CoreDataFeedStore.swift; sourceTree = "<group>"; };
		3D4A926726579E5900F9D164 /* FeedStore.xcdatamodel */ = {isa = PBXFileReference; lastKnownFileType = wrapper.xcdatamodel; path = FeedStore.xcdatamodel; sourceTree = "<group>"; };
		3D4A926C2657EDF300F9D164 /* CoreDataHelpers.swift */ = {isa = PBXFileReference; lastKnownFileType = sourcecode.swift; path = CoreDataHelpers.swift; sourceTree = "<group>"; };
		3D4A926E2657EE5C00F9D164 /* ManagedCache.swift */ = {isa = PBXFileReference; lastKnownFileType = sourcecode.swift; path = ManagedCache.swift; sourceTree = "<group>"; };
		3D4A92702657EE9E00F9D164 /* ManagedFeedImage.swift */ = {isa = PBXFileReference; lastKnownFileType = sourcecode.swift; path = ManagedFeedImage.swift; sourceTree = "<group>"; };
		3D568892264F72B300403B5A /* FeedCachePolicy.swift */ = {isa = PBXFileReference; lastKnownFileType = sourcecode.swift; path = FeedCachePolicy.swift; sourceTree = "<group>"; };
		3D569C3126424B29000716A3 /* RemoteFeedItem.swift */ = {isa = PBXFileReference; lastKnownFileType = sourcecode.swift; path = RemoteFeedItem.swift; sourceTree = "<group>"; };
		3D569C3326424B55000716A3 /* LocalFeedImage.swift */ = {isa = PBXFileReference; lastKnownFileType = sourcecode.swift; path = LocalFeedImage.swift; sourceTree = "<group>"; };
		3D57F377261D392E0063FAEE /* RemoteFeedLoader.swift */ = {isa = PBXFileReference; lastKnownFileType = sourcecode.swift; path = RemoteFeedLoader.swift; sourceTree = "<group>"; };
		3D5F21452659544600F4E702 /* EssentialFeedSecondCacheIntegrationTests.xctest */ = {isa = PBXFileReference; explicitFileType = wrapper.cfbundle; includeInIndex = 0; path = EssentialFeedSecondCacheIntegrationTests.xctest; sourceTree = BUILT_PRODUCTS_DIR; };
		3D5F21472659544600F4E702 /* EssentialFeedSecondCacheIntegrationTests.swift */ = {isa = PBXFileReference; lastKnownFileType = sourcecode.swift; path = EssentialFeedSecondCacheIntegrationTests.swift; sourceTree = "<group>"; };
		3D5F21492659544600F4E702 /* Info.plist */ = {isa = PBXFileReference; lastKnownFileType = text.plist.xml; path = Info.plist; sourceTree = "<group>"; };
		3D6C306926842240001D8E7F /* FeedViewControllerTests+Localization.swift */ = {isa = PBXFileReference; lastKnownFileType = sourcecode.swift; path = "FeedViewControllerTests+Localization.swift"; sourceTree = "<group>"; };
		3D6C30722684270A001D8E7F /* FeedLocalizationTests.swift */ = {isa = PBXFileReference; lastKnownFileType = sourcecode.swift; path = FeedLocalizationTests.swift; sourceTree = "<group>"; };
		3D77E51E2682E01A00DE6578 /* Feed.storyboard */ = {isa = PBXFileReference; lastKnownFileType = file.storyboard; path = Feed.storyboard; sourceTree = "<group>"; };
		3D77E5202682E0C000DE6578 /* Feed.xcassets */ = {isa = PBXFileReference; lastKnownFileType = folder.assetcatalog; path = Feed.xcassets; sourceTree = "<group>"; };
		3D7B9C5F264E284D00FC47C7 /* ValidateFeedCacheUseCaseTests.swift */ = {isa = PBXFileReference; lastKnownFileType = sourcecode.swift; path = ValidateFeedCacheUseCaseTests.swift; sourceTree = "<group>"; };
		3D7B9C61264E2F1B00FC47C7 /* FeedCacheTestHelpers.swift */ = {isa = PBXFileReference; lastKnownFileType = sourcecode.swift; path = FeedCacheTestHelpers.swift; sourceTree = "<group>"; };
		3D7B9C63264E2F7000FC47C7 /* SharedTestHelpers.swift */ = {isa = PBXFileReference; lastKnownFileType = sourcecode.swift; path = SharedTestHelpers.swift; sourceTree = "<group>"; };
		3D85EF1C26722A6F00764E88 /* FeedViewController.swift */ = {isa = PBXFileReference; lastKnownFileType = sourcecode.swift; path = FeedViewController.swift; sourceTree = "<group>"; };
		3D8D3FAE262AA9CD00F0C79C /* EssentialFeedSecondAPIEndToEndTests.xctest */ = {isa = PBXFileReference; explicitFileType = wrapper.cfbundle; includeInIndex = 0; path = EssentialFeedSecondAPIEndToEndTests.xctest; sourceTree = BUILT_PRODUCTS_DIR; };
		3D8D3FB0262AA9CD00F0C79C /* EssentialFeedSecondAPIEndToEndTests.swift */ = {isa = PBXFileReference; lastKnownFileType = sourcecode.swift; path = EssentialFeedSecondAPIEndToEndTests.swift; sourceTree = "<group>"; };
		3D8D3FB2262AA9CD00F0C79C /* Info.plist */ = {isa = PBXFileReference; lastKnownFileType = text.plist.xml; path = Info.plist; sourceTree = "<group>"; };
		3D8DB32F2656643A006CAD4A /* FeedStoreSpecs.swift */ = {isa = PBXFileReference; lastKnownFileType = sourcecode.swift; path = FeedStoreSpecs.swift; sourceTree = "<group>"; };
		3D8DB3312656651A006CAD4A /* XCTestCase+FeedStoreSpecs.swift */ = {isa = PBXFileReference; lastKnownFileType = sourcecode.swift; path = "XCTestCase+FeedStoreSpecs.swift"; sourceTree = "<group>"; };
		3D8DB3332656724D006CAD4A /* XCTestCase+FailableRetrieveFeedStoreSpecs.swift */ = {isa = PBXFileReference; lastKnownFileType = sourcecode.swift; path = "XCTestCase+FailableRetrieveFeedStoreSpecs.swift"; sourceTree = "<group>"; };
		3D8DB33526567378006CAD4A /* XCTestCase+FailableInsertFeedStoreSpecs.swift */ = {isa = PBXFileReference; lastKnownFileType = sourcecode.swift; path = "XCTestCase+FailableInsertFeedStoreSpecs.swift"; sourceTree = "<group>"; };
		3D8DB3372656746B006CAD4A /* XCTestCase+FailableDeleteFeedStoreSpecs.swift */ = {isa = PBXFileReference; lastKnownFileType = sourcecode.swift; path = "XCTestCase+FailableDeleteFeedStoreSpecs.swift"; sourceTree = "<group>"; };
		3D9BDDD7268D6A95007C5D6A /* en */ = {isa = PBXFileReference; lastKnownFileType = text.plist.strings; name = en; path = en.lproj/Feed.strings; sourceTree = "<group>"; };
		3D9BDDD9268D6A9A007C5D6A /* el */ = {isa = PBXFileReference; lastKnownFileType = text.plist.strings; name = el; path = el.lproj/Feed.strings; sourceTree = "<group>"; };
		3D9BDDDA268D6A9B007C5D6A /* pt-BR */ = {isa = PBXFileReference; lastKnownFileType = text.plist.strings; name = "pt-BR"; path = "pt-BR.lproj/Feed.strings"; sourceTree = "<group>"; };
		3D9BDDDC268D6C7C007C5D6A /* FeedPresenter.swift */ = {isa = PBXFileReference; lastKnownFileType = sourcecode.swift; path = FeedPresenter.swift; sourceTree = "<group>"; };
		3D9BDDDF268D6E73007C5D6A /* FeedViewModel.swift */ = {isa = PBXFileReference; lastKnownFileType = sourcecode.swift; path = FeedViewModel.swift; sourceTree = "<group>"; };
		3D9BDDE3268D6F1B007C5D6A /* FeedLoadingViewModel.swift */ = {isa = PBXFileReference; lastKnownFileType = sourcecode.swift; path = FeedLoadingViewModel.swift; sourceTree = "<group>"; };
		3D9BDDE5268D6F67007C5D6A /* FeedErrorViewModel.swift */ = {isa = PBXFileReference; lastKnownFileType = sourcecode.swift; path = FeedErrorViewModel.swift; sourceTree = "<group>"; };
		3D9BDDE8268D8184007C5D6A /* FeedImagePresenterTests.swift */ = {isa = PBXFileReference; lastKnownFileType = sourcecode.swift; path = FeedImagePresenterTests.swift; sourceTree = "<group>"; };
		3DB42B282643849F006A531C /* LoadFeedFromCacheUseCaseTests.swift */ = {isa = PBXFileReference; lastKnownFileType = sourcecode.swift; path = LoadFeedFromCacheUseCaseTests.swift; sourceTree = "<group>"; };
		3DB42B2B264388A1006A531C /* FeedStoreSpy.swift */ = {isa = PBXFileReference; lastKnownFileType = sourcecode.swift; path = FeedStoreSpy.swift; sourceTree = "<group>"; };
		3DB69A37268F17A100B125AA /* LoadFeedImageDataFromRemoteUseCaseTests.swift */ = {isa = PBXFileReference; lastKnownFileType = sourcecode.swift; path = LoadFeedImageDataFromRemoteUseCaseTests.swift; sourceTree = "<group>"; };
		3DBE08E126731446008B3467 /* FeedImageCell.swift */ = {isa = PBXFileReference; lastKnownFileType = sourcecode.swift; path = FeedImageCell.swift; sourceTree = "<group>"; };
		3DD66E4C2678621400D7EDE5 /* UIImage+TestHelpers.swift */ = {isa = PBXFileReference; lastKnownFileType = sourcecode.swift; path = "UIImage+TestHelpers.swift"; sourceTree = "<group>"; };
		3DD66E4E267862B200D7EDE5 /* UIRefreshControl+TestHelpers.swift */ = {isa = PBXFileReference; lastKnownFileType = sourcecode.swift; path = "UIRefreshControl+TestHelpers.swift"; sourceTree = "<group>"; };
		3DD66E50267862D600D7EDE5 /* UIButton+TestHelpers.swift */ = {isa = PBXFileReference; lastKnownFileType = sourcecode.swift; path = "UIButton+TestHelpers.swift"; sourceTree = "<group>"; };
		3DD66E52267863D100D7EDE5 /* UIControl+TestHelpers.swift */ = {isa = PBXFileReference; lastKnownFileType = sourcecode.swift; path = "UIControl+TestHelpers.swift"; sourceTree = "<group>"; };
		3DD66E58267869F600D7EDE5 /* FeedViewController+TestHelpers.swift */ = {isa = PBXFileReference; lastKnownFileType = sourcecode.swift; path = "FeedViewController+TestHelpers.swift"; sourceTree = "<group>"; };
		3DD66E5A26786A4F00D7EDE5 /* FeedImageCell+TestHelpers.swift */ = {isa = PBXFileReference; lastKnownFileType = sourcecode.swift; path = "FeedImageCell+TestHelpers.swift"; sourceTree = "<group>"; };
		3DD66E5C26786A9D00D7EDE5 /* FeedViewControllerTests+LoaderSpy.swift */ = {isa = PBXFileReference; lastKnownFileType = sourcecode.swift; path = "FeedViewControllerTests+LoaderSpy.swift"; sourceTree = "<group>"; };
		3DD66E5E26786AFA00D7EDE5 /* FeedViewControllerTests+Assertions.swift */ = {isa = PBXFileReference; lastKnownFileType = sourcecode.swift; path = "FeedViewControllerTests+Assertions.swift"; sourceTree = "<group>"; };
		3DD66E6326786C1600D7EDE5 /* FeedImageDataLoader.swift */ = {isa = PBXFileReference; lastKnownFileType = sourcecode.swift; path = FeedImageDataLoader.swift; sourceTree = "<group>"; };
		3DD82A772623E34D00835310 /* HTTPClient.swift */ = {isa = PBXFileReference; lastKnownFileType = sourcecode.swift; path = HTTPClient.swift; sourceTree = "<group>"; };
		3DD82A792623E38B00835310 /* FeedItemsMapper.swift */ = {isa = PBXFileReference; lastKnownFileType = sourcecode.swift; path = FeedItemsMapper.swift; sourceTree = "<group>"; };
		3DDEA2B326832891000D4928 /* UITableView+Dequeueing.swift */ = {isa = PBXFileReference; lastKnownFileType = sourcecode.swift; path = "UITableView+Dequeueing.swift"; sourceTree = "<group>"; };
		3DDEA2B5268329E9000D4928 /* UIImageView+Animations.swift */ = {isa = PBXFileReference; lastKnownFileType = sourcecode.swift; path = "UIImageView+Animations.swift"; sourceTree = "<group>"; };
		3DE0D8582685C770002BA58C /* MainQueueDispatchDecorator.swift */ = {isa = PBXFileReference; lastKnownFileType = sourcecode.swift; path = MainQueueDispatchDecorator.swift; sourceTree = "<group>"; };
		3DE0D85A2685C84D002BA58C /* WeakRefVirtualProxy.swift */ = {isa = PBXFileReference; lastKnownFileType = sourcecode.swift; path = WeakRefVirtualProxy.swift; sourceTree = "<group>"; };
		3DE0D85C2685C8F0002BA58C /* FeedImageDataLoaderPresentationAdapter.swift */ = {isa = PBXFileReference; lastKnownFileType = sourcecode.swift; path = FeedImageDataLoaderPresentationAdapter.swift; sourceTree = "<group>"; };
		3DE0D85E2685C949002BA58C /* FeedLoaderPresentationAdapter.swift */ = {isa = PBXFileReference; lastKnownFileType = sourcecode.swift; path = FeedLoaderPresentationAdapter.swift; sourceTree = "<group>"; };
		3DE0D8602685C987002BA58C /* FeedViewAdapter.swift */ = {isa = PBXFileReference; lastKnownFileType = sourcecode.swift; path = FeedViewAdapter.swift; sourceTree = "<group>"; };
		3DE2E6B3268C04E00051B21D /* FeedPresenterTests.swift */ = {isa = PBXFileReference; lastKnownFileType = sourcecode.swift; path = FeedPresenterTests.swift; sourceTree = "<group>"; };
		3DEC07D02676F1BD00E078B1 /* UIView+Shimmering.swift */ = {isa = PBXFileReference; lastKnownFileType = sourcecode.swift; path = "UIView+Shimmering.swift"; sourceTree = "<group>"; };
		3DFC8478268ED32700A7A63E /* FeedImagePresenter.swift */ = {isa = PBXFileReference; lastKnownFileType = sourcecode.swift; path = FeedImagePresenter.swift; sourceTree = "<group>"; };
		3DFC847A268ED39B00A7A63E /* FeedImageViewModel.swift */ = {isa = PBXFileReference; lastKnownFileType = sourcecode.swift; path = FeedImageViewModel.swift; sourceTree = "<group>"; };
/* End PBXFileReference section */

/* Begin PBXFrameworksBuildPhase section */
		3D08D4CA2670CF64008D98D5 /* Frameworks */ = {
			isa = PBXFrameworksBuildPhase;
			buildActionMask = 2147483647;
			files = (
				3D85EF162671DF1100764E88 /* EssentialFeedSecond.framework in Frameworks */,
			);
			runOnlyForDeploymentPostprocessing = 0;
		};
		3D08D4D22670CF64008D98D5 /* Frameworks */ = {
			isa = PBXFrameworksBuildPhase;
			buildActionMask = 2147483647;
			files = (
				3D08D4D62670CF64008D98D5 /* EssentialFeedSecondiOS.framework in Frameworks */,
			);
			runOnlyForDeploymentPostprocessing = 0;
		};
		3D109817261B06090072A7BA /* Frameworks */ = {
			isa = PBXFrameworksBuildPhase;
			buildActionMask = 2147483647;
			files = (
			);
			runOnlyForDeploymentPostprocessing = 0;
		};
		3D109820261B060A0072A7BA /* Frameworks */ = {
			isa = PBXFrameworksBuildPhase;
			buildActionMask = 2147483647;
			files = (
				3D109824261B060A0072A7BA /* EssentialFeedSecond.framework in Frameworks */,
			);
			runOnlyForDeploymentPostprocessing = 0;
		};
		3D5F21422659544600F4E702 /* Frameworks */ = {
			isa = PBXFrameworksBuildPhase;
			buildActionMask = 2147483647;
			files = (
				3D5F214A2659544600F4E702 /* EssentialFeedSecond.framework in Frameworks */,
			);
			runOnlyForDeploymentPostprocessing = 0;
		};
		3D8D3FAB262AA9CD00F0C79C /* Frameworks */ = {
			isa = PBXFrameworksBuildPhase;
			buildActionMask = 2147483647;
			files = (
				3D8D3FB3262AA9CD00F0C79C /* EssentialFeedSecond.framework in Frameworks */,
			);
			runOnlyForDeploymentPostprocessing = 0;
		};
/* End PBXFrameworksBuildPhase section */

/* Begin PBXGroup section */
		3D0494F526390262004353B4 /* Feed Cache */ = {
			isa = PBXGroup;
			children = (
				3DB42B2A26438897006A531C /* Helpers */,
				3D5DF180265676A5008B92D5 /* FeedStoreSpecs */,
				3D0494F62639027A004353B4 /* CacheFeedUseCaseTests.swift */,
				3DB42B282643849F006A531C /* LoadFeedFromCacheUseCaseTests.swift */,
				3D7B9C5F264E284D00FC47C7 /* ValidateFeedCacheUseCaseTests.swift */,
				3D4A926226578E7300F9D164 /* CoreDataFeedStoreTests.swift */,
			);
			path = "Feed Cache";
			sourceTree = "<group>";
		};
		3D08D4CE2670CF64008D98D5 /* EssentialFeedSecondiOS */ = {
			isa = PBXGroup;
			children = (
				3D08D4D02670CF64008D98D5 /* Info.plist */,
				3DD66E6026786B8500D7EDE5 /* Feed UI */,
			);
			path = EssentialFeedSecondiOS;
			sourceTree = "<group>";
		};
		3D08D4D92670CF64008D98D5 /* EssentialFeedSecondiOSTests */ = {
			isa = PBXGroup;
			children = (
				3D08D4DC2670CF64008D98D5 /* Info.plist */,
				3DD66E6126786B9400D7EDE5 /* Feed UI */,
			);
			path = EssentialFeedSecondiOSTests;
			sourceTree = "<group>";
		};
		3D109810261B06090072A7BA = {
			isa = PBXGroup;
			children = (
				3D10981C261B060A0072A7BA /* EssentialFeedSecond */,
				3D109827261B060A0072A7BA /* EssentialFeedSecondTests */,
				3D8D3FAF262AA9CD00F0C79C /* EssentialFeedSecondAPIEndToEndTests */,
				3D5F21462659544600F4E702 /* EssentialFeedSecondCacheIntegrationTests */,
				3D08D4CE2670CF64008D98D5 /* EssentialFeedSecondiOS */,
				3D08D4D92670CF64008D98D5 /* EssentialFeedSecondiOSTests */,
				3D10981B261B06090072A7BA /* Products */,
				3D85EF152671DF1100764E88 /* Frameworks */,
			);
			sourceTree = "<group>";
		};
		3D10981B261B06090072A7BA /* Products */ = {
			isa = PBXGroup;
			children = (
				3D10981A261B06090072A7BA /* EssentialFeedSecond.framework */,
				3D109823261B060A0072A7BA /* EssentialFeedSecondTests.xctest */,
				3D8D3FAE262AA9CD00F0C79C /* EssentialFeedSecondAPIEndToEndTests.xctest */,
				3D5F21452659544600F4E702 /* EssentialFeedSecondCacheIntegrationTests.xctest */,
				3D08D4CD2670CF64008D98D5 /* EssentialFeedSecondiOS.framework */,
				3D08D4D52670CF64008D98D5 /* EssentialFeedSecondiOSTests.xctest */,
			);
			name = Products;
			sourceTree = "<group>";
		};
		3D10981C261B060A0072A7BA /* EssentialFeedSecond */ = {
			isa = PBXGroup;
			children = (
				3D10981E261B060A0072A7BA /* Info.plist */,
				3D26A1052640EE5C008C4FAF /* Feed Cache */,
				3D109838261B10880072A7BA /* Feed Feature */,
				3D57F376261D39040063FAEE /* Feed API */,
				3D9BDDDB268D6C60007C5D6A /* Feed Presentation */,
			);
			path = EssentialFeedSecond;
			sourceTree = "<group>";
		};
		3D109827261B060A0072A7BA /* EssentialFeedSecondTests */ = {
			isa = PBXGroup;
			children = (
				3D10982A261B060A0072A7BA /* Info.plist */,
				3D15DE1A26296A4800F9CA95 /* Helpers */,
				3D0494F526390262004353B4 /* Feed Cache */,
				3D294C3B26245489004D7477 /* Feed API */,
				3DE2E6B2268C04AF0051B21D /* Feed Presentation */,
			);
			path = EssentialFeedSecondTests;
			sourceTree = "<group>";
		};
		3D109838261B10880072A7BA /* Feed Feature */ = {
			isa = PBXGroup;
			children = (
				3D109834261B06980072A7BA /* FeedImage.swift */,
				3DD66E6326786C1600D7EDE5 /* FeedImageDataLoader.swift */,
				3D109836261B08050072A7BA /* FeedLoader.swift */,
			);
			path = "Feed Feature";
			sourceTree = "<group>";
		};
		3D15DE1A26296A4800F9CA95 /* Helpers */ = {
			isa = PBXGroup;
			children = (
				3D15DE1B26296A6300F9CA95 /* XCTestCase+MemoryLeakTracking.swift */,
				3D7B9C63264E2F7000FC47C7 /* SharedTestHelpers.swift */,
				3D1EEB3E26953B2F008CF405 /* HTTPClientSpy.swift */,
			);
			path = Helpers;
			sourceTree = "<group>";
		};
		3D18EDD5268AEA6F0017A922 /* Helpers */ = {
			isa = PBXGroup;
			children = (
				3DEC07D02676F1BD00E078B1 /* UIView+Shimmering.swift */,
				3DDEA2B326832891000D4928 /* UITableView+Dequeueing.swift */,
				3DDEA2B5268329E9000D4928 /* UIImageView+Animations.swift */,
				3D18EDD8268AECFE0017A922 /* UIRefreshControl+Helpers.swift */,
			);
			path = Helpers;
			sourceTree = "<group>";
		};
		3D1EEB4226955371008CF405 /* Helpers */ = {
			isa = PBXGroup;
			children = (
				3D1EEB4326955377008CF405 /* HTTPURLResponse+StatusCode.swift */,
			);
			path = Helpers;
			sourceTree = "<group>";
		};
		3D1EEB452695541D008CF405 /* Helpers */ = {
			isa = PBXGroup;
			children = (
				3D1EEB4626955443008CF405 /* URLProtocolStub.swift */,
			);
			path = Helpers;
			sourceTree = "<group>";
		};
		3D26A1052640EE5C008C4FAF /* Feed Cache */ = {
			isa = PBXGroup;
			children = (
				3D4A92692657EC8900F9D164 /* Infrastructure */,
				3D26A1062640EE6B008C4FAF /* LocalFeedLoader.swift */,
				3D569C3326424B55000716A3 /* LocalFeedImage.swift */,
				3D26A1082640EEC1008C4FAF /* FeedStore.swift */,
				3D568892264F72B300403B5A /* FeedCachePolicy.swift */,
			);
			path = "Feed Cache";
			sourceTree = "<group>";
		};
		3D294C3B26245489004D7477 /* Feed API */ = {
			isa = PBXGroup;
			children = (
				3D1EEB452695541D008CF405 /* Helpers */,
				3D225717261C01F100E42C07 /* LoadFeedFromRemoteUseCaseTests.swift */,
				3D1C365A262693900056F403 /* URLSessionHTTPClientTests.swift */,
				3DB69A37268F17A100B125AA /* LoadFeedImageDataFromRemoteUseCaseTests.swift */,
			);
			path = "Feed API";
			sourceTree = "<group>";
		};
		3D2DE58C2679B08200351F26 /* Composers */ = {
			isa = PBXGroup;
			children = (
				3D2DE58D2679B09300351F26 /* FeedUIComposer.swift */,
				3DE0D8582685C770002BA58C /* MainQueueDispatchDecorator.swift */,
				3DE0D85A2685C84D002BA58C /* WeakRefVirtualProxy.swift */,
				3DE0D85C2685C8F0002BA58C /* FeedImageDataLoaderPresentationAdapter.swift */,
				3DE0D85E2685C949002BA58C /* FeedLoaderPresentationAdapter.swift */,
				3DE0D8602685C987002BA58C /* FeedViewAdapter.swift */,
			);
			path = Composers;
			sourceTree = "<group>";
		};
		3D4A92692657EC8900F9D164 /* Infrastructure */ = {
			isa = PBXGroup;
			children = (
				3D4A926A2657EC9100F9D164 /* CoreData */,
			);
			path = Infrastructure;
			sourceTree = "<group>";
		};
		3D4A926A2657EC9100F9D164 /* CoreData */ = {
			isa = PBXGroup;
			children = (
				3D4A92642657997900F9D164 /* CoreDataFeedStore.swift */,
				3D4A926C2657EDF300F9D164 /* CoreDataHelpers.swift */,
				3D4A926E2657EE5C00F9D164 /* ManagedCache.swift */,
				3D4A92702657EE9E00F9D164 /* ManagedFeedImage.swift */,
				3D4A926626579E5900F9D164 /* FeedStore.xcdatamodeld */,
			);
			path = CoreData;
			sourceTree = "<group>";
		};
		3D57F376261D39040063FAEE /* Feed API */ = {
			isa = PBXGroup;
			children = (
				3D1EEB4226955371008CF405 /* Helpers */,
				3D57F377261D392E0063FAEE /* RemoteFeedLoader.swift */,
				3DD82A772623E34D00835310 /* HTTPClient.swift */,
				3DD82A792623E38B00835310 /* FeedItemsMapper.swift */,
				3D569C3126424B29000716A3 /* RemoteFeedItem.swift */,
				3D15DE1D26299A4F00F9CA95 /* URLSessionHTTPClient.swift */,
				3D1EEB4026953FF3008CF405 /* RemoteFeedImageDataLoader.swift */,
			);
			path = "Feed API";
			sourceTree = "<group>";
		};
		3D5DF180265676A5008B92D5 /* FeedStoreSpecs */ = {
			isa = PBXGroup;
			children = (
				3D8DB32F2656643A006CAD4A /* FeedStoreSpecs.swift */,
				3D8DB3312656651A006CAD4A /* XCTestCase+FeedStoreSpecs.swift */,
				3D8DB3332656724D006CAD4A /* XCTestCase+FailableRetrieveFeedStoreSpecs.swift */,
				3D8DB33526567378006CAD4A /* XCTestCase+FailableInsertFeedStoreSpecs.swift */,
				3D8DB3372656746B006CAD4A /* XCTestCase+FailableDeleteFeedStoreSpecs.swift */,
			);
			path = FeedStoreSpecs;
			sourceTree = "<group>";
		};
		3D5F21462659544600F4E702 /* EssentialFeedSecondCacheIntegrationTests */ = {
			isa = PBXGroup;
			children = (
				3D5F21472659544600F4E702 /* EssentialFeedSecondCacheIntegrationTests.swift */,
				3D5F21492659544600F4E702 /* Info.plist */,
			);
			path = EssentialFeedSecondCacheIntegrationTests;
			sourceTree = "<group>";
		};
		3D85EF152671DF1100764E88 /* Frameworks */ = {
			isa = PBXGroup;
			children = (
			);
			name = Frameworks;
			sourceTree = "<group>";
		};
		3D8D3FAF262AA9CD00F0C79C /* EssentialFeedSecondAPIEndToEndTests */ = {
			isa = PBXGroup;
			children = (
				3D8D3FB0262AA9CD00F0C79C /* EssentialFeedSecondAPIEndToEndTests.swift */,
				3D8D3FB2262AA9CD00F0C79C /* Info.plist */,
			);
			path = EssentialFeedSecondAPIEndToEndTests;
			sourceTree = "<group>";
		};
		3D9BDDDB268D6C60007C5D6A /* Feed Presentation */ = {
			isa = PBXGroup;
			children = (
				3D9BDDDC268D6C7C007C5D6A /* FeedPresenter.swift */,
				3D9BDDDF268D6E73007C5D6A /* FeedViewModel.swift */,
				3D9BDDE3268D6F1B007C5D6A /* FeedLoadingViewModel.swift */,
				3D9BDDE5268D6F67007C5D6A /* FeedErrorViewModel.swift */,
				3DFC8478268ED32700A7A63E /* FeedImagePresenter.swift */,
				3DFC847A268ED39B00A7A63E /* FeedImageViewModel.swift */,
				3D9BDDD8268D6A95007C5D6A /* Feed.strings */,
			);
			path = "Feed Presentation";
			sourceTree = "<group>";
		};
		3DB42B2A26438897006A531C /* Helpers */ = {
			isa = PBXGroup;
			children = (
				3DB42B2B264388A1006A531C /* FeedStoreSpy.swift */,
				3D7B9C61264E2F1B00FC47C7 /* FeedCacheTestHelpers.swift */,
			);
			path = Helpers;
			sourceTree = "<group>";
		};
		3DD66E552678695000D7EDE5 /* Controllers */ = {
			isa = PBXGroup;
			children = (
				3D85EF1C26722A6F00764E88 /* FeedViewController.swift */,
				3D2DE58A26797DA100351F26 /* FeedImageCellController.swift */,
			);
			path = Controllers;
			sourceTree = "<group>";
		};
		3DD66E562678695E00D7EDE5 /* Views */ = {
			isa = PBXGroup;
			children = (
				3D18EDD5268AEA6F0017A922 /* Helpers */,
				3DBE08E126731446008B3467 /* FeedImageCell.swift */,
				3D18EDD2268ADE180017A922 /* ErrorView.swift */,
				3D77E51E2682E01A00DE6578 /* Feed.storyboard */,
				3D77E5202682E0C000DE6578 /* Feed.xcassets */,
			);
			path = Views;
			sourceTree = "<group>";
		};
		3DD66E57267869E800D7EDE5 /* Helpers */ = {
			isa = PBXGroup;
			children = (
				3DD66E4C2678621400D7EDE5 /* UIImage+TestHelpers.swift */,
				3DD66E4E267862B200D7EDE5 /* UIRefreshControl+TestHelpers.swift */,
				3DD66E50267862D600D7EDE5 /* UIButton+TestHelpers.swift */,
				3DD66E52267863D100D7EDE5 /* UIControl+TestHelpers.swift */,
				3DD66E58267869F600D7EDE5 /* FeedViewController+TestHelpers.swift */,
				3DD66E5A26786A4F00D7EDE5 /* FeedImageCell+TestHelpers.swift */,
				3DD66E5C26786A9D00D7EDE5 /* FeedViewControllerTests+LoaderSpy.swift */,
				3DD66E5E26786AFA00D7EDE5 /* FeedViewControllerTests+Assertions.swift */,
				3D6C306926842240001D8E7F /* FeedViewControllerTests+Localization.swift */,
			);
			path = Helpers;
			sourceTree = "<group>";
		};
		3DD66E6026786B8500D7EDE5 /* Feed UI */ = {
			isa = PBXGroup;
			children = (
				3D2DE58C2679B08200351F26 /* Composers */,
				3DD66E552678695000D7EDE5 /* Controllers */,
				3DD66E562678695E00D7EDE5 /* Views */,
			);
			path = "Feed UI";
			sourceTree = "<group>";
		};
		3DD66E6126786B9400D7EDE5 /* Feed UI */ = {
			isa = PBXGroup;
			children = (
				3DD66E57267869E800D7EDE5 /* Helpers */,
				3D08D4DA2670CF64008D98D5 /* FeedUIIntegrationTests.swift */,
			);
			path = "Feed UI";
			sourceTree = "<group>";
		};
		3DE2E6B2268C04AF0051B21D /* Feed Presentation */ = {
			isa = PBXGroup;
			children = (
				3D6C30722684270A001D8E7F /* FeedLocalizationTests.swift */,
				3DE2E6B3268C04E00051B21D /* FeedPresenterTests.swift */,
				3D9BDDE8268D8184007C5D6A /* FeedImagePresenterTests.swift */,
			);
			path = "Feed Presentation";
			sourceTree = "<group>";
		};
/* End PBXGroup section */

/* Begin PBXHeadersBuildPhase section */
		3D08D4C82670CF64008D98D5 /* Headers */ = {
			isa = PBXHeadersBuildPhase;
			buildActionMask = 2147483647;
			files = (
			);
			runOnlyForDeploymentPostprocessing = 0;
		};
		3D109815261B06090072A7BA /* Headers */ = {
			isa = PBXHeadersBuildPhase;
			buildActionMask = 2147483647;
			files = (
			);
			runOnlyForDeploymentPostprocessing = 0;
		};
/* End PBXHeadersBuildPhase section */

/* Begin PBXNativeTarget section */
		3D08D4CC2670CF64008D98D5 /* EssentialFeedSecondiOS */ = {
			isa = PBXNativeTarget;
			buildConfigurationList = 3D08D4E22670CF64008D98D5 /* Build configuration list for PBXNativeTarget "EssentialFeedSecondiOS" */;
			buildPhases = (
				3D08D4C82670CF64008D98D5 /* Headers */,
				3D08D4C92670CF64008D98D5 /* Sources */,
				3D08D4CA2670CF64008D98D5 /* Frameworks */,
				3D08D4CB2670CF64008D98D5 /* Resources */,
				3D85EF1A2671DF1100764E88 /* Embed Frameworks */,
			);
			buildRules = (
			);
			dependencies = (
				3D85EF192671DF1100764E88 /* PBXTargetDependency */,
			);
			name = EssentialFeedSecondiOS;
			productName = EssentialFeedSecondiOS;
			productReference = 3D08D4CD2670CF64008D98D5 /* EssentialFeedSecondiOS.framework */;
			productType = "com.apple.product-type.framework";
		};
		3D08D4D42670CF64008D98D5 /* EssentialFeedSecondiOSTests */ = {
			isa = PBXNativeTarget;
			buildConfigurationList = 3D08D4E32670CF64008D98D5 /* Build configuration list for PBXNativeTarget "EssentialFeedSecondiOSTests" */;
			buildPhases = (
				3D08D4D12670CF64008D98D5 /* Sources */,
				3D08D4D22670CF64008D98D5 /* Frameworks */,
				3D08D4D32670CF64008D98D5 /* Resources */,
			);
			buildRules = (
			);
			dependencies = (
				3D08D4D82670CF64008D98D5 /* PBXTargetDependency */,
			);
			name = EssentialFeedSecondiOSTests;
			productName = EssentialFeedSecondiOSTests;
			productReference = 3D08D4D52670CF64008D98D5 /* EssentialFeedSecondiOSTests.xctest */;
			productType = "com.apple.product-type.bundle.unit-test";
		};
		3D109819261B06090072A7BA /* EssentialFeedSecond */ = {
			isa = PBXNativeTarget;
			buildConfigurationList = 3D10982E261B060B0072A7BA /* Build configuration list for PBXNativeTarget "EssentialFeedSecond" */;
			buildPhases = (
				3D109815261B06090072A7BA /* Headers */,
				3D109816261B06090072A7BA /* Sources */,
				3D109817261B06090072A7BA /* Frameworks */,
				3D109818261B06090072A7BA /* Resources */,
			);
			buildRules = (
			);
			dependencies = (
			);
			name = EssentialFeedSecond;
			productName = EssentialFeedSecond;
			productReference = 3D10981A261B06090072A7BA /* EssentialFeedSecond.framework */;
			productType = "com.apple.product-type.framework";
		};
		3D109822261B060A0072A7BA /* EssentialFeedSecondTests */ = {
			isa = PBXNativeTarget;
			buildConfigurationList = 3D109831261B060B0072A7BA /* Build configuration list for PBXNativeTarget "EssentialFeedSecondTests" */;
			buildPhases = (
				3D10981F261B060A0072A7BA /* Sources */,
				3D109820261B060A0072A7BA /* Frameworks */,
				3D109821261B060A0072A7BA /* Resources */,
			);
			buildRules = (
			);
			dependencies = (
				3D109826261B060A0072A7BA /* PBXTargetDependency */,
			);
			name = EssentialFeedSecondTests;
			productName = EssentialFeedSecondTests;
			productReference = 3D109823261B060A0072A7BA /* EssentialFeedSecondTests.xctest */;
			productType = "com.apple.product-type.bundle.unit-test";
		};
		3D5F21442659544600F4E702 /* EssentialFeedSecondCacheIntegrationTests */ = {
			isa = PBXNativeTarget;
			buildConfigurationList = 3D5F214F2659544600F4E702 /* Build configuration list for PBXNativeTarget "EssentialFeedSecondCacheIntegrationTests" */;
			buildPhases = (
				3D5F21412659544600F4E702 /* Sources */,
				3D5F21422659544600F4E702 /* Frameworks */,
				3D5F21432659544600F4E702 /* Resources */,
			);
			buildRules = (
			);
			dependencies = (
				3D5F214C2659544600F4E702 /* PBXTargetDependency */,
			);
			name = EssentialFeedSecondCacheIntegrationTests;
			productName = EssentialFeedSecondCacheIntegrationTests;
			productReference = 3D5F21452659544600F4E702 /* EssentialFeedSecondCacheIntegrationTests.xctest */;
			productType = "com.apple.product-type.bundle.unit-test";
		};
		3D8D3FAD262AA9CD00F0C79C /* EssentialFeedSecondAPIEndToEndTests */ = {
			isa = PBXNativeTarget;
			buildConfigurationList = 3D8D3FB8262AA9CD00F0C79C /* Build configuration list for PBXNativeTarget "EssentialFeedSecondAPIEndToEndTests" */;
			buildPhases = (
				3D8D3FAA262AA9CD00F0C79C /* Sources */,
				3D8D3FAB262AA9CD00F0C79C /* Frameworks */,
				3D8D3FAC262AA9CD00F0C79C /* Resources */,
			);
			buildRules = (
			);
			dependencies = (
				3D8D3FB5262AA9CD00F0C79C /* PBXTargetDependency */,
			);
			name = EssentialFeedSecondAPIEndToEndTests;
			productName = EssentialFeedSecondAPIEndToEndTests;
			productReference = 3D8D3FAE262AA9CD00F0C79C /* EssentialFeedSecondAPIEndToEndTests.xctest */;
			productType = "com.apple.product-type.bundle.unit-test";
		};
/* End PBXNativeTarget section */

/* Begin PBXProject section */
		3D109811261B06090072A7BA /* Project object */ = {
			isa = PBXProject;
			attributes = {
				LastSwiftUpdateCheck = 1150;
				LastUpgradeCheck = 1150;
				ORGANIZATIONNAME = "Nazar Alwi";
				TargetAttributes = {
					3D08D4CC2670CF64008D98D5 = {
						CreatedOnToolsVersion = 11.5;
						LastSwiftMigration = 1150;
					};
					3D08D4D42670CF64008D98D5 = {
						CreatedOnToolsVersion = 11.5;
					};
					3D109819261B06090072A7BA = {
						CreatedOnToolsVersion = 11.5;
						LastSwiftMigration = 1150;
					};
					3D109822261B060A0072A7BA = {
						CreatedOnToolsVersion = 11.5;
						LastSwiftMigration = 1150;
					};
					3D5F21442659544600F4E702 = {
						CreatedOnToolsVersion = 11.5;
					};
					3D8D3FAD262AA9CD00F0C79C = {
						CreatedOnToolsVersion = 11.5;
					};
				};
			};
			buildConfigurationList = 3D109814261B06090072A7BA /* Build configuration list for PBXProject "EssentialFeedSecond" */;
			compatibilityVersion = "Xcode 9.3";
			developmentRegion = en;
			hasScannedForEncodings = 0;
			knownRegions = (
				en,
				Base,
				"pt-BR",
				el,
			);
			mainGroup = 3D109810261B06090072A7BA;
			productRefGroup = 3D10981B261B06090072A7BA /* Products */;
			projectDirPath = "";
			projectRoot = "";
			targets = (
				3D109819261B06090072A7BA /* EssentialFeedSecond */,
				3D109822261B060A0072A7BA /* EssentialFeedSecondTests */,
				3D8D3FAD262AA9CD00F0C79C /* EssentialFeedSecondAPIEndToEndTests */,
				3D5F21442659544600F4E702 /* EssentialFeedSecondCacheIntegrationTests */,
				3D08D4CC2670CF64008D98D5 /* EssentialFeedSecondiOS */,
				3D08D4D42670CF64008D98D5 /* EssentialFeedSecondiOSTests */,
			);
		};
/* End PBXProject section */

/* Begin PBXResourcesBuildPhase section */
		3D08D4CB2670CF64008D98D5 /* Resources */ = {
			isa = PBXResourcesBuildPhase;
			buildActionMask = 2147483647;
			files = (
				3D77E51F2682E01A00DE6578 /* Feed.storyboard in Resources */,
				3D77E5212682E0C000DE6578 /* Feed.xcassets in Resources */,
			);
			runOnlyForDeploymentPostprocessing = 0;
		};
		3D08D4D32670CF64008D98D5 /* Resources */ = {
			isa = PBXResourcesBuildPhase;
			buildActionMask = 2147483647;
			files = (
			);
			runOnlyForDeploymentPostprocessing = 0;
		};
		3D109818261B06090072A7BA /* Resources */ = {
			isa = PBXResourcesBuildPhase;
			buildActionMask = 2147483647;
			files = (
				3D9BDDDE268D6E20007C5D6A /* Feed.strings in Resources */,
			);
			runOnlyForDeploymentPostprocessing = 0;
		};
		3D109821261B060A0072A7BA /* Resources */ = {
			isa = PBXResourcesBuildPhase;
			buildActionMask = 2147483647;
			files = (
			);
			runOnlyForDeploymentPostprocessing = 0;
		};
		3D5F21432659544600F4E702 /* Resources */ = {
			isa = PBXResourcesBuildPhase;
			buildActionMask = 2147483647;
			files = (
			);
			runOnlyForDeploymentPostprocessing = 0;
		};
		3D8D3FAC262AA9CD00F0C79C /* Resources */ = {
			isa = PBXResourcesBuildPhase;
			buildActionMask = 2147483647;
			files = (
			);
			runOnlyForDeploymentPostprocessing = 0;
		};
/* End PBXResourcesBuildPhase section */

/* Begin PBXSourcesBuildPhase section */
		3D08D4C92670CF64008D98D5 /* Sources */ = {
			isa = PBXSourcesBuildPhase;
			buildActionMask = 2147483647;
			files = (
				3D18EDD3268ADE180017A922 /* ErrorView.swift in Sources */,
				3D18EDD9268AECFE0017A922 /* UIRefreshControl+Helpers.swift in Sources */,
				3DDEA2B426832891000D4928 /* UITableView+Dequeueing.swift in Sources */,
				3DEC07D12676F1BD00E078B1 /* UIView+Shimmering.swift in Sources */,
				3DE0D85F2685C949002BA58C /* FeedLoaderPresentationAdapter.swift in Sources */,
				3DE0D85B2685C84D002BA58C /* WeakRefVirtualProxy.swift in Sources */,
				3DDEA2B6268329E9000D4928 /* UIImageView+Animations.swift in Sources */,
				3DE0D8592685C770002BA58C /* MainQueueDispatchDecorator.swift in Sources */,
				3D85EF1D26722A6F00764E88 /* FeedViewController.swift in Sources */,
				3DBE08E226731446008B3467 /* FeedImageCell.swift in Sources */,
				3DE0D85D2685C8F0002BA58C /* FeedImageDataLoaderPresentationAdapter.swift in Sources */,
				3D2DE58B26797DA100351F26 /* FeedImageCellController.swift in Sources */,
				3DE0D8612685C987002BA58C /* FeedViewAdapter.swift in Sources */,
				3D2DE58E2679B09300351F26 /* FeedUIComposer.swift in Sources */,
			);
			runOnlyForDeploymentPostprocessing = 0;
		};
		3D08D4D12670CF64008D98D5 /* Sources */ = {
			isa = PBXSourcesBuildPhase;
			buildActionMask = 2147483647;
			files = (
				3D08D4DB2670CF64008D98D5 /* FeedUIIntegrationTests.swift in Sources */,
				3DD66E5F26786AFA00D7EDE5 /* FeedViewControllerTests+Assertions.swift in Sources */,
				3DD66E51267862D600D7EDE5 /* UIButton+TestHelpers.swift in Sources */,
				3DD66E4F267862B200D7EDE5 /* UIRefreshControl+TestHelpers.swift in Sources */,
				3DD66E53267863D100D7EDE5 /* UIControl+TestHelpers.swift in Sources */,
				3DD66E5D26786A9D00D7EDE5 /* FeedViewControllerTests+LoaderSpy.swift in Sources */,
				3DD66E59267869F600D7EDE5 /* FeedViewController+TestHelpers.swift in Sources */,
				3D85EF1B2671E17800764E88 /* XCTestCase+MemoryLeakTracking.swift in Sources */,
				3DD66E4D2678621400D7EDE5 /* UIImage+TestHelpers.swift in Sources */,
				3DD66E5B26786A4F00D7EDE5 /* FeedImageCell+TestHelpers.swift in Sources */,
				3D6C306A26842240001D8E7F /* FeedViewControllerTests+Localization.swift in Sources */,
			);
			runOnlyForDeploymentPostprocessing = 0;
		};
		3D109816261B06090072A7BA /* Sources */ = {
			isa = PBXSourcesBuildPhase;
			buildActionMask = 2147483647;
			files = (
				3D4A926D2657EDF300F9D164 /* CoreDataHelpers.swift in Sources */,
				3DD82A7A2623E38B00835310 /* FeedItemsMapper.swift in Sources */,
				3D109837261B08050072A7BA /* FeedLoader.swift in Sources */,
				3D569C3226424B29000716A3 /* RemoteFeedItem.swift in Sources */,
				3DFC847B268ED39B00A7A63E /* FeedImageViewModel.swift in Sources */,
				3D568893264F72B300403B5A /* FeedCachePolicy.swift in Sources */,
				3D1EEB4126953FF3008CF405 /* RemoteFeedImageDataLoader.swift in Sources */,
				3D57F378261D392E0063FAEE /* RemoteFeedLoader.swift in Sources */,
				3D4A926826579E5900F9D164 /* FeedStore.xcdatamodeld in Sources */,
				3D569C3426424B55000716A3 /* LocalFeedImage.swift in Sources */,
				3D9BDDE0268D6E73007C5D6A /* FeedViewModel.swift in Sources */,
				3D26A1092640EEC1008C4FAF /* FeedStore.swift in Sources */,
				3D26A1072640EE6B008C4FAF /* LocalFeedLoader.swift in Sources */,
				3DD82A782623E34D00835310 /* HTTPClient.swift in Sources */,
				3D109835261B06980072A7BA /* FeedImage.swift in Sources */,
				3D9BDDDD268D6C7C007C5D6A /* FeedPresenter.swift in Sources */,
				3D15DE1E26299A4F00F9CA95 /* URLSessionHTTPClient.swift in Sources */,
				3D1EEB4426955377008CF405 /* HTTPURLResponse+StatusCode.swift in Sources */,
				3D4A926F2657EE5C00F9D164 /* ManagedCache.swift in Sources */,
				3D4A92652657997900F9D164 /* CoreDataFeedStore.swift in Sources */,
				3D9BDDE6268D6F67007C5D6A /* FeedErrorViewModel.swift in Sources */,
				3DB69A36268F176600B125AA /* FeedImageDataLoader.swift in Sources */,
				3D9BDDE4268D6F1B007C5D6A /* FeedLoadingViewModel.swift in Sources */,
				3DFC8479268ED32700A7A63E /* FeedImagePresenter.swift in Sources */,
				3D4A92712657EE9E00F9D164 /* ManagedFeedImage.swift in Sources */,
			);
			runOnlyForDeploymentPostprocessing = 0;
		};
		3D10981F261B060A0072A7BA /* Sources */ = {
			isa = PBXSourcesBuildPhase;
			buildActionMask = 2147483647;
			files = (
				3D7B9C62264E2F1B00FC47C7 /* FeedCacheTestHelpers.swift in Sources */,
				3D1EEB4726955443008CF405 /* URLProtocolStub.swift in Sources */,
				3D7B9C60264E284D00FC47C7 /* ValidateFeedCacheUseCaseTests.swift in Sources */,
				3DE2E6B4268C04E00051B21D /* FeedPresenterTests.swift in Sources */,
				3DB69A38268F17A100B125AA /* LoadFeedImageDataFromRemoteUseCaseTests.swift in Sources */,
				3D8DB3382656746B006CAD4A /* XCTestCase+FailableDeleteFeedStoreSpecs.swift in Sources */,
				3D9BDDE9268D8184007C5D6A /* FeedImagePresenterTests.swift in Sources */,
				3D225718261C01F100E42C07 /* LoadFeedFromRemoteUseCaseTests.swift in Sources */,
				3D9BDDE7268D7D13007C5D6A /* FeedLocalizationTests.swift in Sources */,
				3D8DB33626567378006CAD4A /* XCTestCase+FailableInsertFeedStoreSpecs.swift in Sources */,
				3D1EEB3F26953B2F008CF405 /* HTTPClientSpy.swift in Sources */,
				3D1C365B262693900056F403 /* URLSessionHTTPClientTests.swift in Sources */,
				3DB42B2C264388A1006A531C /* FeedStoreSpy.swift in Sources */,
				3D7B9C64264E2F7000FC47C7 /* SharedTestHelpers.swift in Sources */,
				3D0494F72639027A004353B4 /* CacheFeedUseCaseTests.swift in Sources */,
				3D8DB3342656724D006CAD4A /* XCTestCase+FailableRetrieveFeedStoreSpecs.swift in Sources */,
				3DB42B292643849F006A531C /* LoadFeedFromCacheUseCaseTests.swift in Sources */,
				3D8DB3302656643A006CAD4A /* FeedStoreSpecs.swift in Sources */,
				3D15DE1C26296A6300F9CA95 /* XCTestCase+MemoryLeakTracking.swift in Sources */,
				3D4A926326578E7300F9D164 /* CoreDataFeedStoreTests.swift in Sources */,
				3D8DB3322656651A006CAD4A /* XCTestCase+FeedStoreSpecs.swift in Sources */,
			);
			runOnlyForDeploymentPostprocessing = 0;
		};
		3D5F21412659544600F4E702 /* Sources */ = {
			isa = PBXSourcesBuildPhase;
			buildActionMask = 2147483647;
			files = (
				3DFEF8AA265A188B00028FA1 /* SharedTestHelpers.swift in Sources */,
				3D5F21482659544600F4E702 /* EssentialFeedSecondCacheIntegrationTests.swift in Sources */,
				3DFEF8A92659F91700028FA1 /* FeedCacheTestHelpers.swift in Sources */,
				3DFEF8A82659F2FC00028FA1 /* XCTestCase+MemoryLeakTracking.swift in Sources */,
			);
			runOnlyForDeploymentPostprocessing = 0;
		};
		3D8D3FAA262AA9CD00F0C79C /* Sources */ = {
			isa = PBXSourcesBuildPhase;
			buildActionMask = 2147483647;
			files = (
				3D8D3FB1262AA9CD00F0C79C /* EssentialFeedSecondAPIEndToEndTests.swift in Sources */,
				3D8D3FB9262AB6F300F0C79C /* XCTestCase+MemoryLeakTracking.swift in Sources */,
			);
			runOnlyForDeploymentPostprocessing = 0;
		};
/* End PBXSourcesBuildPhase section */

/* Begin PBXTargetDependency section */
		3D08D4D82670CF64008D98D5 /* PBXTargetDependency */ = {
			isa = PBXTargetDependency;
			platformFilter = maccatalyst;
			target = 3D08D4CC2670CF64008D98D5 /* EssentialFeedSecondiOS */;
			targetProxy = 3D08D4D72670CF64008D98D5 /* PBXContainerItemProxy */;
		};
		3D109826261B060A0072A7BA /* PBXTargetDependency */ = {
			isa = PBXTargetDependency;
			target = 3D109819261B06090072A7BA /* EssentialFeedSecond */;
			targetProxy = 3D109825261B060A0072A7BA /* PBXContainerItemProxy */;
		};
		3D5F214C2659544600F4E702 /* PBXTargetDependency */ = {
			isa = PBXTargetDependency;
			target = 3D109819261B06090072A7BA /* EssentialFeedSecond */;
			targetProxy = 3D5F214B2659544600F4E702 /* PBXContainerItemProxy */;
		};
		3D85EF192671DF1100764E88 /* PBXTargetDependency */ = {
			isa = PBXTargetDependency;
			platformFilter = ios;
			target = 3D109819261B06090072A7BA /* EssentialFeedSecond */;
			targetProxy = 3D85EF182671DF1100764E88 /* PBXContainerItemProxy */;
		};
		3D8D3FB5262AA9CD00F0C79C /* PBXTargetDependency */ = {
			isa = PBXTargetDependency;
			target = 3D109819261B06090072A7BA /* EssentialFeedSecond */;
			targetProxy = 3D8D3FB4262AA9CD00F0C79C /* PBXContainerItemProxy */;
		};
/* End PBXTargetDependency section */

/* Begin PBXVariantGroup section */
		3D9BDDD8268D6A95007C5D6A /* Feed.strings */ = {
			isa = PBXVariantGroup;
			children = (
				3D9BDDD7268D6A95007C5D6A /* en */,
				3D9BDDD9268D6A9A007C5D6A /* el */,
				3D9BDDDA268D6A9B007C5D6A /* pt-BR */,
			);
			name = Feed.strings;
			sourceTree = "<group>";
		};
/* End PBXVariantGroup section */

/* Begin XCBuildConfiguration section */
		3D08D4DE2670CF64008D98D5 /* Debug */ = {
			isa = XCBuildConfiguration;
			buildSettings = {
				CLANG_ENABLE_MODULES = YES;
				CODE_SIGN_STYLE = Automatic;
				DEFINES_MODULE = YES;
				DEVELOPMENT_TEAM = 7DZF29DD8P;
				DYLIB_COMPATIBILITY_VERSION = 1;
				DYLIB_CURRENT_VERSION = 1;
				DYLIB_INSTALL_NAME_BASE = "@rpath";
				INFOPLIST_FILE = EssentialFeedSecondiOS/Info.plist;
				INSTALL_PATH = "$(LOCAL_LIBRARY_DIR)/Frameworks";
				IPHONEOS_DEPLOYMENT_TARGET = 14.5;
				LD_RUNPATH_SEARCH_PATHS = (
					"$(inherited)",
					"@executable_path/Frameworks",
					"@loader_path/Frameworks",
				);
				PRODUCT_BUNDLE_IDENTIFIER = com.nazaralwi.EssentialFeedSecondiOS;
				PRODUCT_NAME = "$(TARGET_NAME:c99extidentifier)";
				SDKROOT = iphoneos;
				SKIP_INSTALL = YES;
				SUPPORTED_PLATFORMS = "iphonesimulator iphoneos";
				SWIFT_OPTIMIZATION_LEVEL = "-Onone";
				SWIFT_VERSION = 5.0;
				TARGETED_DEVICE_FAMILY = "1,2";
			};
			name = Debug;
		};
		3D08D4DF2670CF64008D98D5 /* Release */ = {
			isa = XCBuildConfiguration;
			buildSettings = {
				CLANG_ENABLE_MODULES = YES;
				CODE_SIGN_STYLE = Automatic;
				DEFINES_MODULE = YES;
				DEVELOPMENT_TEAM = 7DZF29DD8P;
				DYLIB_COMPATIBILITY_VERSION = 1;
				DYLIB_CURRENT_VERSION = 1;
				DYLIB_INSTALL_NAME_BASE = "@rpath";
				INFOPLIST_FILE = EssentialFeedSecondiOS/Info.plist;
				INSTALL_PATH = "$(LOCAL_LIBRARY_DIR)/Frameworks";
				IPHONEOS_DEPLOYMENT_TARGET = 14.5;
				LD_RUNPATH_SEARCH_PATHS = (
					"$(inherited)",
					"@executable_path/Frameworks",
					"@loader_path/Frameworks",
				);
				PRODUCT_BUNDLE_IDENTIFIER = com.nazaralwi.EssentialFeedSecondiOS;
				PRODUCT_NAME = "$(TARGET_NAME:c99extidentifier)";
				SDKROOT = iphoneos;
				SKIP_INSTALL = YES;
				SUPPORTED_PLATFORMS = "iphonesimulator iphoneos";
				SWIFT_VERSION = 5.0;
				TARGETED_DEVICE_FAMILY = "1,2";
				VALIDATE_PRODUCT = YES;
			};
			name = Release;
		};
		3D08D4E02670CF64008D98D5 /* Debug */ = {
			isa = XCBuildConfiguration;
			buildSettings = {
				ALWAYS_EMBED_SWIFT_STANDARD_LIBRARIES = YES;
				CODE_SIGN_STYLE = Automatic;
				DEVELOPMENT_TEAM = 7DZF29DD8P;
				INFOPLIST_FILE = EssentialFeedSecondiOSTests/Info.plist;
				IPHONEOS_DEPLOYMENT_TARGET = 14.5;
				LD_RUNPATH_SEARCH_PATHS = (
					"$(inherited)",
					"@executable_path/Frameworks",
					"@loader_path/Frameworks",
				);
				PRODUCT_BUNDLE_IDENTIFIER = com.nazaralwi.EssentialFeedSecondiOSTests;
				PRODUCT_NAME = "$(TARGET_NAME)";
				SDKROOT = iphoneos;
				SUPPORTED_PLATFORMS = "iphonesimulator iphoneos";
				SWIFT_VERSION = 5.0;
				TARGETED_DEVICE_FAMILY = "1,2";
			};
			name = Debug;
		};
		3D08D4E12670CF64008D98D5 /* Release */ = {
			isa = XCBuildConfiguration;
			buildSettings = {
				ALWAYS_EMBED_SWIFT_STANDARD_LIBRARIES = YES;
				CODE_SIGN_STYLE = Automatic;
				DEVELOPMENT_TEAM = 7DZF29DD8P;
				INFOPLIST_FILE = EssentialFeedSecondiOSTests/Info.plist;
				IPHONEOS_DEPLOYMENT_TARGET = 14.5;
				LD_RUNPATH_SEARCH_PATHS = (
					"$(inherited)",
					"@executable_path/Frameworks",
					"@loader_path/Frameworks",
				);
				PRODUCT_BUNDLE_IDENTIFIER = com.nazaralwi.EssentialFeedSecondiOSTests;
				PRODUCT_NAME = "$(TARGET_NAME)";
				SDKROOT = iphoneos;
				SUPPORTED_PLATFORMS = "iphonesimulator iphoneos";
				SWIFT_VERSION = 5.0;
				TARGETED_DEVICE_FAMILY = "1,2";
				VALIDATE_PRODUCT = YES;
			};
			name = Release;
		};
		3D10982C261B060A0072A7BA /* Debug */ = {
			isa = XCBuildConfiguration;
			buildSettings = {
				ALWAYS_SEARCH_USER_PATHS = NO;
				CLANG_ANALYZER_LOCALIZABILITY_NONLOCALIZED = YES;
				CLANG_ANALYZER_NONNULL = YES;
				CLANG_ANALYZER_NUMBER_OBJECT_CONVERSION = YES_AGGRESSIVE;
				CLANG_CXX_LANGUAGE_STANDARD = "gnu++14";
				CLANG_CXX_LIBRARY = "libc++";
				CLANG_ENABLE_MODULES = YES;
				CLANG_ENABLE_OBJC_ARC = YES;
				CLANG_ENABLE_OBJC_WEAK = YES;
				CLANG_WARN_BLOCK_CAPTURE_AUTORELEASING = YES;
				CLANG_WARN_BOOL_CONVERSION = YES;
				CLANG_WARN_COMMA = YES;
				CLANG_WARN_CONSTANT_CONVERSION = YES;
				CLANG_WARN_DEPRECATED_OBJC_IMPLEMENTATIONS = YES;
				CLANG_WARN_DIRECT_OBJC_ISA_USAGE = YES_ERROR;
				CLANG_WARN_DOCUMENTATION_COMMENTS = YES;
				CLANG_WARN_EMPTY_BODY = YES;
				CLANG_WARN_ENUM_CONVERSION = YES;
				CLANG_WARN_INFINITE_RECURSION = YES;
				CLANG_WARN_INT_CONVERSION = YES;
				CLANG_WARN_NON_LITERAL_NULL_CONVERSION = YES;
				CLANG_WARN_OBJC_IMPLICIT_RETAIN_SELF = YES;
				CLANG_WARN_OBJC_LITERAL_CONVERSION = YES;
				CLANG_WARN_OBJC_ROOT_CLASS = YES_ERROR;
				CLANG_WARN_RANGE_LOOP_ANALYSIS = YES;
				CLANG_WARN_STRICT_PROTOTYPES = YES;
				CLANG_WARN_SUSPICIOUS_MOVE = YES;
				CLANG_WARN_UNGUARDED_AVAILABILITY = YES_AGGRESSIVE;
				CLANG_WARN_UNREACHABLE_CODE = YES;
				CLANG_WARN__DUPLICATE_METHOD_MATCH = YES;
				COPY_PHASE_STRIP = NO;
				CURRENT_PROJECT_VERSION = 1;
				DEBUG_INFORMATION_FORMAT = dwarf;
				ENABLE_STRICT_OBJC_MSGSEND = YES;
				ENABLE_TESTABILITY = YES;
				GCC_C_LANGUAGE_STANDARD = gnu11;
				GCC_DYNAMIC_NO_PIC = NO;
				GCC_NO_COMMON_BLOCKS = YES;
				GCC_OPTIMIZATION_LEVEL = 0;
				GCC_PREPROCESSOR_DEFINITIONS = (
					"DEBUG=1",
					"$(inherited)",
				);
				GCC_WARN_64_TO_32_BIT_CONVERSION = YES;
				GCC_WARN_ABOUT_RETURN_TYPE = YES_ERROR;
				GCC_WARN_UNDECLARED_SELECTOR = YES;
				GCC_WARN_UNINITIALIZED_AUTOS = YES_AGGRESSIVE;
				GCC_WARN_UNUSED_FUNCTION = YES;
				GCC_WARN_UNUSED_VARIABLE = YES;
				IPHONEOS_DEPLOYMENT_TARGET = 12.3;
				MACOSX_DEPLOYMENT_TARGET = 10.15;
				MTL_ENABLE_DEBUG_INFO = INCLUDE_SOURCE;
				MTL_FAST_MATH = YES;
				ONLY_ACTIVE_ARCH = YES;
				SDKROOT = macosx;
				SUPPORTED_PLATFORMS = macosx;
				SWIFT_ACTIVE_COMPILATION_CONDITIONS = DEBUG;
				SWIFT_OPTIMIZATION_LEVEL = "-Onone";
				VERSIONING_SYSTEM = "apple-generic";
				VERSION_INFO_PREFIX = "";
			};
			name = Debug;
		};
		3D10982D261B060A0072A7BA /* Release */ = {
			isa = XCBuildConfiguration;
			buildSettings = {
				ALWAYS_SEARCH_USER_PATHS = NO;
				CLANG_ANALYZER_LOCALIZABILITY_NONLOCALIZED = YES;
				CLANG_ANALYZER_NONNULL = YES;
				CLANG_ANALYZER_NUMBER_OBJECT_CONVERSION = YES_AGGRESSIVE;
				CLANG_CXX_LANGUAGE_STANDARD = "gnu++14";
				CLANG_CXX_LIBRARY = "libc++";
				CLANG_ENABLE_MODULES = YES;
				CLANG_ENABLE_OBJC_ARC = YES;
				CLANG_ENABLE_OBJC_WEAK = YES;
				CLANG_WARN_BLOCK_CAPTURE_AUTORELEASING = YES;
				CLANG_WARN_BOOL_CONVERSION = YES;
				CLANG_WARN_COMMA = YES;
				CLANG_WARN_CONSTANT_CONVERSION = YES;
				CLANG_WARN_DEPRECATED_OBJC_IMPLEMENTATIONS = YES;
				CLANG_WARN_DIRECT_OBJC_ISA_USAGE = YES_ERROR;
				CLANG_WARN_DOCUMENTATION_COMMENTS = YES;
				CLANG_WARN_EMPTY_BODY = YES;
				CLANG_WARN_ENUM_CONVERSION = YES;
				CLANG_WARN_INFINITE_RECURSION = YES;
				CLANG_WARN_INT_CONVERSION = YES;
				CLANG_WARN_NON_LITERAL_NULL_CONVERSION = YES;
				CLANG_WARN_OBJC_IMPLICIT_RETAIN_SELF = YES;
				CLANG_WARN_OBJC_LITERAL_CONVERSION = YES;
				CLANG_WARN_OBJC_ROOT_CLASS = YES_ERROR;
				CLANG_WARN_RANGE_LOOP_ANALYSIS = YES;
				CLANG_WARN_STRICT_PROTOTYPES = YES;
				CLANG_WARN_SUSPICIOUS_MOVE = YES;
				CLANG_WARN_UNGUARDED_AVAILABILITY = YES_AGGRESSIVE;
				CLANG_WARN_UNREACHABLE_CODE = YES;
				CLANG_WARN__DUPLICATE_METHOD_MATCH = YES;
				COPY_PHASE_STRIP = NO;
				CURRENT_PROJECT_VERSION = 1;
				DEBUG_INFORMATION_FORMAT = "dwarf-with-dsym";
				ENABLE_NS_ASSERTIONS = NO;
				ENABLE_STRICT_OBJC_MSGSEND = YES;
				GCC_C_LANGUAGE_STANDARD = gnu11;
				GCC_NO_COMMON_BLOCKS = YES;
				GCC_WARN_64_TO_32_BIT_CONVERSION = YES;
				GCC_WARN_ABOUT_RETURN_TYPE = YES_ERROR;
				GCC_WARN_UNDECLARED_SELECTOR = YES;
				GCC_WARN_UNINITIALIZED_AUTOS = YES_AGGRESSIVE;
				GCC_WARN_UNUSED_FUNCTION = YES;
				GCC_WARN_UNUSED_VARIABLE = YES;
				IPHONEOS_DEPLOYMENT_TARGET = 12.3;
				MACOSX_DEPLOYMENT_TARGET = 10.15;
				MTL_ENABLE_DEBUG_INFO = NO;
				MTL_FAST_MATH = YES;
				SDKROOT = macosx;
				SUPPORTED_PLATFORMS = macosx;
				SWIFT_COMPILATION_MODE = wholemodule;
				SWIFT_OPTIMIZATION_LEVEL = "-O";
				VERSIONING_SYSTEM = "apple-generic";
				VERSION_INFO_PREFIX = "";
			};
			name = Release;
		};
		3D10982F261B060B0072A7BA /* Debug */ = {
			isa = XCBuildConfiguration;
			buildSettings = {
				CLANG_ENABLE_MODULES = YES;
				CODE_SIGN_STYLE = Automatic;
				COMBINE_HIDPI_IMAGES = YES;
				DEFINES_MODULE = YES;
				DEVELOPMENT_TEAM = 7DZF29DD8P;
				DYLIB_COMPATIBILITY_VERSION = 1;
				DYLIB_CURRENT_VERSION = 1;
				DYLIB_INSTALL_NAME_BASE = "@rpath";
				INFOPLIST_FILE = EssentialFeedSecond/Info.plist;
				INSTALL_PATH = "$(LOCAL_LIBRARY_DIR)/Frameworks";
				IPHONEOS_DEPLOYMENT_TARGET = 14.5;
				LD_RUNPATH_SEARCH_PATHS = (
					"$(inherited)",
					"@executable_path/../Frameworks",
					"@loader_path/Frameworks",
				);
				PRODUCT_BUNDLE_IDENTIFIER = com.nazaralwi.EssentialFeedSecond;
				PRODUCT_NAME = "$(TARGET_NAME:c99extidentifier)";
				SKIP_INSTALL = YES;
				SUPPORTED_PLATFORMS = "macosx iphonesimulator iphoneos";
				SWIFT_OPTIMIZATION_LEVEL = "-Onone";
				SWIFT_VERSION = 5.0;
			};
			name = Debug;
		};
		3D109830261B060B0072A7BA /* Release */ = {
			isa = XCBuildConfiguration;
			buildSettings = {
				CLANG_ENABLE_MODULES = YES;
				CODE_SIGN_STYLE = Automatic;
				COMBINE_HIDPI_IMAGES = YES;
				DEFINES_MODULE = YES;
				DEVELOPMENT_TEAM = 7DZF29DD8P;
				DYLIB_COMPATIBILITY_VERSION = 1;
				DYLIB_CURRENT_VERSION = 1;
				DYLIB_INSTALL_NAME_BASE = "@rpath";
				INFOPLIST_FILE = EssentialFeedSecond/Info.plist;
				INSTALL_PATH = "$(LOCAL_LIBRARY_DIR)/Frameworks";
				IPHONEOS_DEPLOYMENT_TARGET = 14.5;
				LD_RUNPATH_SEARCH_PATHS = (
					"$(inherited)",
					"@executable_path/../Frameworks",
					"@loader_path/Frameworks",
				);
				PRODUCT_BUNDLE_IDENTIFIER = com.nazaralwi.EssentialFeedSecond;
				PRODUCT_NAME = "$(TARGET_NAME:c99extidentifier)";
				SKIP_INSTALL = YES;
				SUPPORTED_PLATFORMS = "macosx iphonesimulator iphoneos";
				SWIFT_VERSION = 5.0;
			};
			name = Release;
		};
		3D109832261B060B0072A7BA /* Debug */ = {
			isa = XCBuildConfiguration;
			buildSettings = {
				ALWAYS_EMBED_SWIFT_STANDARD_LIBRARIES = YES;
				CLANG_ENABLE_MODULES = YES;
				CODE_SIGN_STYLE = Automatic;
				COMBINE_HIDPI_IMAGES = YES;
				DEVELOPMENT_TEAM = 7DZF29DD8P;
				INFOPLIST_FILE = EssentialFeedSecondTests/Info.plist;
				IPHONEOS_DEPLOYMENT_TARGET = 14.5;
				LD_RUNPATH_SEARCH_PATHS = (
					"$(inherited)",
					"@executable_path/../Frameworks",
					"@loader_path/../Frameworks",
				);
				PRODUCT_BUNDLE_IDENTIFIER = com.nazaralwi.EssentialFeedSecondTests;
				PRODUCT_NAME = "$(TARGET_NAME)";
				SUPPORTED_PLATFORMS = "macosx iphoneos iphonesimulator";
				SWIFT_OPTIMIZATION_LEVEL = "-Onone";
				SWIFT_VERSION = 5.0;
			};
			name = Debug;
		};
		3D109833261B060B0072A7BA /* Release */ = {
			isa = XCBuildConfiguration;
			buildSettings = {
				ALWAYS_EMBED_SWIFT_STANDARD_LIBRARIES = YES;
				CLANG_ENABLE_MODULES = YES;
				CODE_SIGN_STYLE = Automatic;
				COMBINE_HIDPI_IMAGES = YES;
				DEVELOPMENT_TEAM = 7DZF29DD8P;
				INFOPLIST_FILE = EssentialFeedSecondTests/Info.plist;
				IPHONEOS_DEPLOYMENT_TARGET = 14.5;
				LD_RUNPATH_SEARCH_PATHS = (
					"$(inherited)",
					"@executable_path/../Frameworks",
					"@loader_path/../Frameworks",
				);
				PRODUCT_BUNDLE_IDENTIFIER = com.nazaralwi.EssentialFeedSecondTests;
				PRODUCT_NAME = "$(TARGET_NAME)";
				SUPPORTED_PLATFORMS = "macosx iphoneos iphonesimulator";
				SWIFT_VERSION = 5.0;
			};
			name = Release;
		};
		3D5F214D2659544600F4E702 /* Debug */ = {
			isa = XCBuildConfiguration;
			buildSettings = {
				CODE_SIGN_STYLE = Automatic;
				COMBINE_HIDPI_IMAGES = YES;
				DEVELOPMENT_TEAM = 7DZF29DD8P;
				INFOPLIST_FILE = EssentialFeedSecondCacheIntegrationTests/Info.plist;
				IPHONEOS_DEPLOYMENT_TARGET = 14.5;
				LD_RUNPATH_SEARCH_PATHS = (
					"$(inherited)",
					"@executable_path/../Frameworks",
					"@loader_path/../Frameworks",
				);
				PRODUCT_BUNDLE_IDENTIFIER = com.nazaralwi.EssentialFeedSecondCacheIntegrationTests;
				PRODUCT_NAME = "$(TARGET_NAME)";
				SUPPORTED_PLATFORMS = "macosx iphoneos iphonesimulator";
				SWIFT_VERSION = 5.0;
			};
			name = Debug;
		};
		3D5F214E2659544600F4E702 /* Release */ = {
			isa = XCBuildConfiguration;
			buildSettings = {
				CODE_SIGN_STYLE = Automatic;
				COMBINE_HIDPI_IMAGES = YES;
				DEVELOPMENT_TEAM = 7DZF29DD8P;
				INFOPLIST_FILE = EssentialFeedSecondCacheIntegrationTests/Info.plist;
				IPHONEOS_DEPLOYMENT_TARGET = 14.5;
				LD_RUNPATH_SEARCH_PATHS = (
					"$(inherited)",
					"@executable_path/../Frameworks",
					"@loader_path/../Frameworks",
				);
				PRODUCT_BUNDLE_IDENTIFIER = com.nazaralwi.EssentialFeedSecondCacheIntegrationTests;
				PRODUCT_NAME = "$(TARGET_NAME)";
				SUPPORTED_PLATFORMS = "macosx iphoneos iphonesimulator";
				SWIFT_VERSION = 5.0;
			};
			name = Release;
		};
		3D8D3FB6262AA9CD00F0C79C /* Debug */ = {
			isa = XCBuildConfiguration;
			buildSettings = {
				CODE_SIGN_STYLE = Automatic;
				COMBINE_HIDPI_IMAGES = YES;
				DEVELOPMENT_TEAM = 7DZF29DD8P;
				INFOPLIST_FILE = EssentialFeedSecondAPIEndToEndTests/Info.plist;
				IPHONEOS_DEPLOYMENT_TARGET = 14.5;
				LD_RUNPATH_SEARCH_PATHS = (
					"$(inherited)",
					"@executable_path/../Frameworks",
					"@loader_path/../Frameworks",
				);
				PRODUCT_BUNDLE_IDENTIFIER = com.nazaralwi.EssentialFeedSecondAPIEndToEndTests;
				PRODUCT_NAME = "$(TARGET_NAME)";
				SUPPORTED_PLATFORMS = "macosx iphoneos iphonesimulator";
				SWIFT_VERSION = 5.0;
			};
			name = Debug;
		};
		3D8D3FB7262AA9CD00F0C79C /* Release */ = {
			isa = XCBuildConfiguration;
			buildSettings = {
				CODE_SIGN_STYLE = Automatic;
				COMBINE_HIDPI_IMAGES = YES;
				DEVELOPMENT_TEAM = 7DZF29DD8P;
				INFOPLIST_FILE = EssentialFeedSecondAPIEndToEndTests/Info.plist;
				IPHONEOS_DEPLOYMENT_TARGET = 14.5;
				LD_RUNPATH_SEARCH_PATHS = (
					"$(inherited)",
					"@executable_path/../Frameworks",
					"@loader_path/../Frameworks",
				);
				PRODUCT_BUNDLE_IDENTIFIER = com.nazaralwi.EssentialFeedSecondAPIEndToEndTests;
				PRODUCT_NAME = "$(TARGET_NAME)";
				SUPPORTED_PLATFORMS = "macosx iphoneos iphonesimulator";
				SWIFT_VERSION = 5.0;
			};
			name = Release;
		};
/* End XCBuildConfiguration section */

/* Begin XCConfigurationList section */
		3D08D4E22670CF64008D98D5 /* Build configuration list for PBXNativeTarget "EssentialFeedSecondiOS" */ = {
			isa = XCConfigurationList;
			buildConfigurations = (
				3D08D4DE2670CF64008D98D5 /* Debug */,
				3D08D4DF2670CF64008D98D5 /* Release */,
			);
			defaultConfigurationIsVisible = 0;
			defaultConfigurationName = Release;
		};
		3D08D4E32670CF64008D98D5 /* Build configuration list for PBXNativeTarget "EssentialFeedSecondiOSTests" */ = {
			isa = XCConfigurationList;
			buildConfigurations = (
				3D08D4E02670CF64008D98D5 /* Debug */,
				3D08D4E12670CF64008D98D5 /* Release */,
			);
			defaultConfigurationIsVisible = 0;
			defaultConfigurationName = Release;
		};
		3D109814261B06090072A7BA /* Build configuration list for PBXProject "EssentialFeedSecond" */ = {
			isa = XCConfigurationList;
			buildConfigurations = (
				3D10982C261B060A0072A7BA /* Debug */,
				3D10982D261B060A0072A7BA /* Release */,
			);
			defaultConfigurationIsVisible = 0;
			defaultConfigurationName = Release;
		};
		3D10982E261B060B0072A7BA /* Build configuration list for PBXNativeTarget "EssentialFeedSecond" */ = {
			isa = XCConfigurationList;
			buildConfigurations = (
				3D10982F261B060B0072A7BA /* Debug */,
				3D109830261B060B0072A7BA /* Release */,
			);
			defaultConfigurationIsVisible = 0;
			defaultConfigurationName = Release;
		};
		3D109831261B060B0072A7BA /* Build configuration list for PBXNativeTarget "EssentialFeedSecondTests" */ = {
			isa = XCConfigurationList;
			buildConfigurations = (
				3D109832261B060B0072A7BA /* Debug */,
				3D109833261B060B0072A7BA /* Release */,
			);
			defaultConfigurationIsVisible = 0;
			defaultConfigurationName = Release;
		};
		3D5F214F2659544600F4E702 /* Build configuration list for PBXNativeTarget "EssentialFeedSecondCacheIntegrationTests" */ = {
			isa = XCConfigurationList;
			buildConfigurations = (
				3D5F214D2659544600F4E702 /* Debug */,
				3D5F214E2659544600F4E702 /* Release */,
			);
			defaultConfigurationIsVisible = 0;
			defaultConfigurationName = Release;
		};
		3D8D3FB8262AA9CD00F0C79C /* Build configuration list for PBXNativeTarget "EssentialFeedSecondAPIEndToEndTests" */ = {
			isa = XCConfigurationList;
			buildConfigurations = (
				3D8D3FB6262AA9CD00F0C79C /* Debug */,
				3D8D3FB7262AA9CD00F0C79C /* Release */,
			);
			defaultConfigurationIsVisible = 0;
			defaultConfigurationName = Release;
		};
/* End XCConfigurationList section */

/* Begin XCVersionGroup section */
		3D4A926626579E5900F9D164 /* FeedStore.xcdatamodeld */ = {
			isa = XCVersionGroup;
			children = (
				3D4A926726579E5900F9D164 /* FeedStore.xcdatamodel */,
			);
			currentVersion = 3D4A926726579E5900F9D164 /* FeedStore.xcdatamodel */;
			path = FeedStore.xcdatamodeld;
			sourceTree = "<group>";
			versionGroupType = wrapper.xcdatamodel;
		};
/* End XCVersionGroup section */
	};
	rootObject = 3D109811261B06090072A7BA /* Project object */;
}
