// !$*UTF8*$!
{
	archiveVersion = 1;
	classes = {
	};
	objectVersion = 50;
	objects = {

/* Begin PBXBuildFile section */
		3D215931269D40030064BC86 /* AppDelegate.swift in Sources */ = {isa = PBXBuildFile; fileRef = 3D215930269D40030064BC86 /* AppDelegate.swift */; };
		3D215933269D40030064BC86 /* SceneDelegate.swift in Sources */ = {isa = PBXBuildFile; fileRef = 3D215932269D40030064BC86 /* SceneDelegate.swift */; };
		3D215935269D40030064BC86 /* ViewController.swift in Sources */ = {isa = PBXBuildFile; fileRef = 3D215934269D40030064BC86 /* ViewController.swift */; };
		3D215938269D40030064BC86 /* Main.storyboard in Resources */ = {isa = PBXBuildFile; fileRef = 3D215936269D40030064BC86 /* Main.storyboard */; };
		3D21593A269D40070064BC86 /* Assets.xcassets in Resources */ = {isa = PBXBuildFile; fileRef = 3D215939269D40070064BC86 /* Assets.xcassets */; };
		3D21593D269D40070064BC86 /* LaunchScreen.storyboard in Resources */ = {isa = PBXBuildFile; fileRef = 3D21593B269D40070064BC86 /* LaunchScreen.storyboard */; };
		3D215947269D46730064BC86 /* EssentialFeedSecond.framework in Frameworks */ = {isa = PBXBuildFile; fileRef = 3D215945269D46730064BC86 /* EssentialFeedSecond.framework */; };
		3D215948269D46730064BC86 /* EssentialFeedSecond.framework in Embed Frameworks */ = {isa = PBXBuildFile; fileRef = 3D215945269D46730064BC86 /* EssentialFeedSecond.framework */; settings = {ATTRIBUTES = (CodeSignOnCopy, RemoveHeadersOnCopy, ); }; };
		3D215949269D46730064BC86 /* EssentialFeedSecondiOS.framework in Frameworks */ = {isa = PBXBuildFile; fileRef = 3D215946269D46730064BC86 /* EssentialFeedSecondiOS.framework */; };
		3D21594A269D46730064BC86 /* EssentialFeedSecondiOS.framework in Embed Frameworks */ = {isa = PBXBuildFile; fileRef = 3D215946269D46730064BC86 /* EssentialFeedSecondiOS.framework */; settings = {ATTRIBUTES = (CodeSignOnCopy, RemoveHeadersOnCopy, ); }; };
		3D215953269D4D000064BC86 /* FeedLoaderWithFallbackCompositeTests.swift in Sources */ = {isa = PBXBuildFile; fileRef = 3D215952269D4D000064BC86 /* FeedLoaderWithFallbackCompositeTests.swift */; };
		3D8A444B269E7F34003907DC /* FeedLoaderWithFallbackComposite.swift in Sources */ = {isa = PBXBuildFile; fileRef = 3D8A444A269E7F34003907DC /* FeedLoaderWithFallbackComposite.swift */; };
		3D8A444F269E7FEB003907DC /* FeedImageDataLoaderWithFallbackCompositeTests.swift in Sources */ = {isa = PBXBuildFile; fileRef = 3D8A444E269E7FEB003907DC /* FeedImageDataLoaderWithFallbackCompositeTests.swift */; };
		3D8A4451269E993C003907DC /* FeedImageDataLoaderWithFallbackComposite.swift in Sources */ = {isa = PBXBuildFile; fileRef = 3D8A4450269E993B003907DC /* FeedImageDataLoaderWithFallbackComposite.swift */; };
		3D8A4454269E99A9003907DC /* XCTestCase+MemoryLeakTracking.swift in Sources */ = {isa = PBXBuildFile; fileRef = 3D8A4453269E99A9003907DC /* XCTestCase+MemoryLeakTracking.swift */; };
		3D8A4456269E99FA003907DC /* SharedTestHelpers.swift in Sources */ = {isa = PBXBuildFile; fileRef = 3D8A4455269E99FA003907DC /* SharedTestHelpers.swift */; };
/* End PBXBuildFile section */

/* Begin PBXContainerItemProxy section */
		3D215955269D4D000064BC86 /* PBXContainerItemProxy */ = {
			isa = PBXContainerItemProxy;
			containerPortal = 3D215925269D40020064BC86 /* Project object */;
			proxyType = 1;
			remoteGlobalIDString = 3D21592C269D40030064BC86;
			remoteInfo = EssentialApp;
		};
/* End PBXContainerItemProxy section */

/* Begin PBXCopyFilesBuildPhase section */
		3D21594B269D46730064BC86 /* Embed Frameworks */ = {
			isa = PBXCopyFilesBuildPhase;
			buildActionMask = 2147483647;
			dstPath = "";
			dstSubfolderSpec = 10;
			files = (
				3D21594A269D46730064BC86 /* EssentialFeedSecondiOS.framework in Embed Frameworks */,
				3D215948269D46730064BC86 /* EssentialFeedSecond.framework in Embed Frameworks */,
			);
			name = "Embed Frameworks";
			runOnlyForDeploymentPostprocessing = 0;
		};
/* End PBXCopyFilesBuildPhase section */

/* Begin PBXFileReference section */
		3D21592D269D40030064BC86 /* EssentialApp.app */ = {isa = PBXFileReference; explicitFileType = wrapper.application; includeInIndex = 0; path = EssentialApp.app; sourceTree = BUILT_PRODUCTS_DIR; };
		3D215930269D40030064BC86 /* AppDelegate.swift */ = {isa = PBXFileReference; lastKnownFileType = sourcecode.swift; path = AppDelegate.swift; sourceTree = "<group>"; };
		3D215932269D40030064BC86 /* SceneDelegate.swift */ = {isa = PBXFileReference; lastKnownFileType = sourcecode.swift; path = SceneDelegate.swift; sourceTree = "<group>"; };
		3D215934269D40030064BC86 /* ViewController.swift */ = {isa = PBXFileReference; lastKnownFileType = sourcecode.swift; path = ViewController.swift; sourceTree = "<group>"; };
		3D215937269D40030064BC86 /* Base */ = {isa = PBXFileReference; lastKnownFileType = file.storyboard; name = Base; path = Base.lproj/Main.storyboard; sourceTree = "<group>"; };
		3D215939269D40070064BC86 /* Assets.xcassets */ = {isa = PBXFileReference; lastKnownFileType = folder.assetcatalog; path = Assets.xcassets; sourceTree = "<group>"; };
		3D21593C269D40070064BC86 /* Base */ = {isa = PBXFileReference; lastKnownFileType = file.storyboard; name = Base; path = Base.lproj/LaunchScreen.storyboard; sourceTree = "<group>"; };
		3D21593E269D40070064BC86 /* Info.plist */ = {isa = PBXFileReference; lastKnownFileType = text.plist.xml; path = Info.plist; sourceTree = "<group>"; };
		3D215945269D46730064BC86 /* EssentialFeedSecond.framework */ = {isa = PBXFileReference; explicitFileType = wrapper.framework; path = EssentialFeedSecond.framework; sourceTree = BUILT_PRODUCTS_DIR; };
		3D215946269D46730064BC86 /* EssentialFeedSecondiOS.framework */ = {isa = PBXFileReference; explicitFileType = wrapper.framework; path = EssentialFeedSecondiOS.framework; sourceTree = BUILT_PRODUCTS_DIR; };
		3D215950269D4D000064BC86 /* EssentialAppTests.xctest */ = {isa = PBXFileReference; explicitFileType = wrapper.cfbundle; includeInIndex = 0; path = EssentialAppTests.xctest; sourceTree = BUILT_PRODUCTS_DIR; };
		3D215952269D4D000064BC86 /* FeedLoaderWithFallbackCompositeTests.swift */ = {isa = PBXFileReference; lastKnownFileType = sourcecode.swift; path = FeedLoaderWithFallbackCompositeTests.swift; sourceTree = "<group>"; };
		3D215954269D4D000064BC86 /* Info.plist */ = {isa = PBXFileReference; lastKnownFileType = text.plist.xml; path = Info.plist; sourceTree = "<group>"; };
		3D8A444A269E7F34003907DC /* FeedLoaderWithFallbackComposite.swift */ = {isa = PBXFileReference; lastKnownFileType = sourcecode.swift; path = FeedLoaderWithFallbackComposite.swift; sourceTree = "<group>"; };
		3D8A444E269E7FEB003907DC /* FeedImageDataLoaderWithFallbackCompositeTests.swift */ = {isa = PBXFileReference; lastKnownFileType = sourcecode.swift; path = FeedImageDataLoaderWithFallbackCompositeTests.swift; sourceTree = "<group>"; };
		3D8A4450269E993B003907DC /* FeedImageDataLoaderWithFallbackComposite.swift */ = {isa = PBXFileReference; lastKnownFileType = sourcecode.swift; path = FeedImageDataLoaderWithFallbackComposite.swift; sourceTree = "<group>"; };
		3D8A4453269E99A9003907DC /* XCTestCase+MemoryLeakTracking.swift */ = {isa = PBXFileReference; lastKnownFileType = sourcecode.swift; path = "XCTestCase+MemoryLeakTracking.swift"; sourceTree = "<group>"; };
		3D8A4455269E99FA003907DC /* SharedTestHelpers.swift */ = {isa = PBXFileReference; lastKnownFileType = sourcecode.swift; path = SharedTestHelpers.swift; sourceTree = "<group>"; };
/* End PBXFileReference section */

/* Begin PBXFrameworksBuildPhase section */
		3D21592A269D40030064BC86 /* Frameworks */ = {
			isa = PBXFrameworksBuildPhase;
			buildActionMask = 2147483647;
			files = (
				3D215949269D46730064BC86 /* EssentialFeedSecondiOS.framework in Frameworks */,
				3D215947269D46730064BC86 /* EssentialFeedSecond.framework in Frameworks */,
			);
			runOnlyForDeploymentPostprocessing = 0;
		};
		3D21594D269D4D000064BC86 /* Frameworks */ = {
			isa = PBXFrameworksBuildPhase;
			buildActionMask = 2147483647;
			files = (
			);
			runOnlyForDeploymentPostprocessing = 0;
		};
/* End PBXFrameworksBuildPhase section */

/* Begin PBXGroup section */
		3D215924269D40020064BC86 = {
			isa = PBXGroup;
			children = (
				3D21592F269D40030064BC86 /* EssentialApp */,
				3D215951269D4D000064BC86 /* EssentialAppTests */,
				3D21592E269D40030064BC86 /* Products */,
				3D215944269D46720064BC86 /* Frameworks */,
			);
			sourceTree = "<group>";
		};
		3D21592E269D40030064BC86 /* Products */ = {
			isa = PBXGroup;
			children = (
				3D21592D269D40030064BC86 /* EssentialApp.app */,
				3D215950269D4D000064BC86 /* EssentialAppTests.xctest */,
			);
			name = Products;
			sourceTree = "<group>";
		};
		3D21592F269D40030064BC86 /* EssentialApp */ = {
			isa = PBXGroup;
			children = (
				3D215930269D40030064BC86 /* AppDelegate.swift */,
				3D215932269D40030064BC86 /* SceneDelegate.swift */,
				3D8A444A269E7F34003907DC /* FeedLoaderWithFallbackComposite.swift */,
				3D8A4450269E993B003907DC /* FeedImageDataLoaderWithFallbackComposite.swift */,
				3D215934269D40030064BC86 /* ViewController.swift */,
				3D215936269D40030064BC86 /* Main.storyboard */,
				3D215939269D40070064BC86 /* Assets.xcassets */,
				3D21593B269D40070064BC86 /* LaunchScreen.storyboard */,
				3D21593E269D40070064BC86 /* Info.plist */,
			);
			path = EssentialApp;
			sourceTree = "<group>";
		};
		3D215944269D46720064BC86 /* Frameworks */ = {
			isa = PBXGroup;
			children = (
				3D215945269D46730064BC86 /* EssentialFeedSecond.framework */,
				3D215946269D46730064BC86 /* EssentialFeedSecondiOS.framework */,
			);
			name = Frameworks;
			sourceTree = "<group>";
		};
		3D215951269D4D000064BC86 /* EssentialAppTests */ = {
			isa = PBXGroup;
			children = (
				3D8A4452269E999F003907DC /* Helpers */,
				3D215952269D4D000064BC86 /* FeedLoaderWithFallbackCompositeTests.swift */,
				3D8A444E269E7FEB003907DC /* FeedImageDataLoaderWithFallbackCompositeTests.swift */,
				3D215954269D4D000064BC86 /* Info.plist */,
			);
			path = EssentialAppTests;
			sourceTree = "<group>";
		};
		3D8A4452269E999F003907DC /* Helpers */ = {
			isa = PBXGroup;
			children = (
				3D8A4453269E99A9003907DC /* XCTestCase+MemoryLeakTracking.swift */,
				3D8A4455269E99FA003907DC /* SharedTestHelpers.swift */,
			);
			path = Helpers;
			sourceTree = "<group>";
		};
/* End PBXGroup section */

/* Begin PBXNativeTarget section */
		3D21592C269D40030064BC86 /* EssentialApp */ = {
			isa = PBXNativeTarget;
			buildConfigurationList = 3D215941269D40070064BC86 /* Build configuration list for PBXNativeTarget "EssentialApp" */;
			buildPhases = (
				3D215929269D40030064BC86 /* Sources */,
				3D21592A269D40030064BC86 /* Frameworks */,
				3D21592B269D40030064BC86 /* Resources */,
				3D21594B269D46730064BC86 /* Embed Frameworks */,
			);
			buildRules = (
			);
			dependencies = (
			);
			name = EssentialApp;
			productName = EssentialApp;
			productReference = 3D21592D269D40030064BC86 /* EssentialApp.app */;
			productType = "com.apple.product-type.application";
		};
		3D21594F269D4D000064BC86 /* EssentialAppTests */ = {
			isa = PBXNativeTarget;
			buildConfigurationList = 3D215959269D4D000064BC86 /* Build configuration list for PBXNativeTarget "EssentialAppTests" */;
			buildPhases = (
				3D21594C269D4D000064BC86 /* Sources */,
				3D21594D269D4D000064BC86 /* Frameworks */,
				3D21594E269D4D000064BC86 /* Resources */,
			);
			buildRules = (
			);
			dependencies = (
				3D215956269D4D000064BC86 /* PBXTargetDependency */,
			);
			name = EssentialAppTests;
			productName = EssentialAppTests;
			productReference = 3D215950269D4D000064BC86 /* EssentialAppTests.xctest */;
			productType = "com.apple.product-type.bundle.unit-test";
		};
/* End PBXNativeTarget section */

/* Begin PBXProject section */
		3D215925269D40020064BC86 /* Project object */ = {
			isa = PBXProject;
			attributes = {
				LastSwiftUpdateCheck = 1250;
				LastUpgradeCheck = 1250;
				TargetAttributes = {
					3D21592C269D40030064BC86 = {
						CreatedOnToolsVersion = 12.5.1;
					};
					3D21594F269D4D000064BC86 = {
						CreatedOnToolsVersion = 12.5.1;
						TestTargetID = 3D21592C269D40030064BC86;
					};
				};
			};
			buildConfigurationList = 3D215928269D40020064BC86 /* Build configuration list for PBXProject "EssentialApp" */;
			compatibilityVersion = "Xcode 9.3";
			developmentRegion = en;
			hasScannedForEncodings = 0;
			knownRegions = (
				en,
				Base,
			);
			mainGroup = 3D215924269D40020064BC86;
			productRefGroup = 3D21592E269D40030064BC86 /* Products */;
			projectDirPath = "";
			projectRoot = "";
			targets = (
				3D21592C269D40030064BC86 /* EssentialApp */,
				3D21594F269D4D000064BC86 /* EssentialAppTests */,
			);
		};
/* End PBXProject section */

/* Begin PBXResourcesBuildPhase section */
		3D21592B269D40030064BC86 /* Resources */ = {
			isa = PBXResourcesBuildPhase;
			buildActionMask = 2147483647;
			files = (
				3D21593D269D40070064BC86 /* LaunchScreen.storyboard in Resources */,
				3D21593A269D40070064BC86 /* Assets.xcassets in Resources */,
				3D215938269D40030064BC86 /* Main.storyboard in Resources */,
			);
			runOnlyForDeploymentPostprocessing = 0;
		};
		3D21594E269D4D000064BC86 /* Resources */ = {
			isa = PBXResourcesBuildPhase;
			buildActionMask = 2147483647;
			files = (
			);
			runOnlyForDeploymentPostprocessing = 0;
		};
/* End PBXResourcesBuildPhase section */

/* Begin PBXSourcesBuildPhase section */
		3D215929269D40030064BC86 /* Sources */ = {
			isa = PBXSourcesBuildPhase;
			buildActionMask = 2147483647;
			files = (
				3D215935269D40030064BC86 /* ViewController.swift in Sources */,
				3D215931269D40030064BC86 /* AppDelegate.swift in Sources */,
				3D8A444B269E7F34003907DC /* FeedLoaderWithFallbackComposite.swift in Sources */,
				3D215933269D40030064BC86 /* SceneDelegate.swift in Sources */,
				3D8A4451269E993C003907DC /* FeedImageDataLoaderWithFallbackComposite.swift in Sources */,
			);
			runOnlyForDeploymentPostprocessing = 0;
		};
		3D21594C269D4D000064BC86 /* Sources */ = {
			isa = PBXSourcesBuildPhase;
			buildActionMask = 2147483647;
			files = (
				3D8A4456269E99FA003907DC /* SharedTestHelpers.swift in Sources */,
				3D8A444F269E7FEB003907DC /* FeedImageDataLoaderWithFallbackCompositeTests.swift in Sources */,
				3D215953269D4D000064BC86 /* FeedLoaderWithFallbackCompositeTests.swift in Sources */,
				3D8A4454269E99A9003907DC /* XCTestCase+MemoryLeakTracking.swift in Sources */,
			);
			runOnlyForDeploymentPostprocessing = 0;
		};
/* End PBXSourcesBuildPhase section */

/* Begin PBXTargetDependency section */
		3D215956269D4D000064BC86 /* PBXTargetDependency */ = {
			isa = PBXTargetDependency;
			target = 3D21592C269D40030064BC86 /* EssentialApp */;
			targetProxy = 3D215955269D4D000064BC86 /* PBXContainerItemProxy */;
		};
/* End PBXTargetDependency section */

/* Begin PBXVariantGroup section */
		3D215936269D40030064BC86 /* Main.storyboard */ = {
			isa = PBXVariantGroup;
			children = (
				3D215937269D40030064BC86 /* Base */,
			);
			name = Main.storyboard;
			sourceTree = "<group>";
		};
		3D21593B269D40070064BC86 /* LaunchScreen.storyboard */ = {
			isa = PBXVariantGroup;
			children = (
				3D21593C269D40070064BC86 /* Base */,
			);
			name = LaunchScreen.storyboard;
			sourceTree = "<group>";
		};
/* End PBXVariantGroup section */

/* Begin XCBuildConfiguration section */
		3D21593F269D40070064BC86 /* Debug */ = {
			isa = XCBuildConfiguration;
			buildSettings = {
				ALWAYS_SEARCH_USER_PATHS = NO;
				CLANG_ANALYZER_NONNULL = YES;
				CLANG_ANALYZER_NUMBER_OBJECT_CONVERSION = YES_AGGRESSIVE;
				CLANG_CXX_LANGUAGE_STANDARD = "gnu++14";
				CLANG_CXX_LIBRARY = "libc++";
				CLANG_ENABLE_MODULES = YES;
				CLANG_ENABLE_OBJC_ARC = YES;
				CLANG_ENABLE_OBJC_WEAK = YES;
				CLANG_WARN_BLOCK_CAPTURE_AUTORELEASING = YES;
				CLANG_WARN_BOOL_CONVERSION = YES;
				CLANG_WARN_COMMA = YES;
				CLANG_WARN_CONSTANT_CONVERSION = YES;
				CLANG_WARN_DEPRECATED_OBJC_IMPLEMENTATIONS = YES;
				CLANG_WARN_DIRECT_OBJC_ISA_USAGE = YES_ERROR;
				CLANG_WARN_DOCUMENTATION_COMMENTS = YES;
				CLANG_WARN_EMPTY_BODY = YES;
				CLANG_WARN_ENUM_CONVERSION = YES;
				CLANG_WARN_INFINITE_RECURSION = YES;
				CLANG_WARN_INT_CONVERSION = YES;
				CLANG_WARN_NON_LITERAL_NULL_CONVERSION = YES;
				CLANG_WARN_OBJC_IMPLICIT_RETAIN_SELF = YES;
				CLANG_WARN_OBJC_LITERAL_CONVERSION = YES;
				CLANG_WARN_OBJC_ROOT_CLASS = YES_ERROR;
				CLANG_WARN_QUOTED_INCLUDE_IN_FRAMEWORK_HEADER = YES;
				CLANG_WARN_RANGE_LOOP_ANALYSIS = YES;
				CLANG_WARN_STRICT_PROTOTYPES = YES;
				CLANG_WARN_SUSPICIOUS_MOVE = YES;
				CLANG_WARN_UNGUARDED_AVAILABILITY = YES_AGGRESSIVE;
				CLANG_WARN_UNREACHABLE_CODE = YES;
				CLANG_WARN__DUPLICATE_METHOD_MATCH = YES;
				COPY_PHASE_STRIP = NO;
				DEBUG_INFORMATION_FORMAT = dwarf;
				ENABLE_STRICT_OBJC_MSGSEND = YES;
				ENABLE_TESTABILITY = YES;
				GCC_C_LANGUAGE_STANDARD = gnu11;
				GCC_DYNAMIC_NO_PIC = NO;
				GCC_NO_COMMON_BLOCKS = YES;
				GCC_OPTIMIZATION_LEVEL = 0;
				GCC_PREPROCESSOR_DEFINITIONS = (
					"DEBUG=1",
					"$(inherited)",
				);
				GCC_WARN_64_TO_32_BIT_CONVERSION = YES;
				GCC_WARN_ABOUT_RETURN_TYPE = YES_ERROR;
				GCC_WARN_UNDECLARED_SELECTOR = YES;
				GCC_WARN_UNINITIALIZED_AUTOS = YES_AGGRESSIVE;
				GCC_WARN_UNUSED_FUNCTION = YES;
				GCC_WARN_UNUSED_VARIABLE = YES;
				IPHONEOS_DEPLOYMENT_TARGET = 14.5;
				MTL_ENABLE_DEBUG_INFO = INCLUDE_SOURCE;
				MTL_FAST_MATH = YES;
				ONLY_ACTIVE_ARCH = YES;
				SDKROOT = iphoneos;
				SWIFT_ACTIVE_COMPILATION_CONDITIONS = DEBUG;
				SWIFT_OPTIMIZATION_LEVEL = "-Onone";
			};
			name = Debug;
		};
		3D215940269D40070064BC86 /* Release */ = {
			isa = XCBuildConfiguration;
			buildSettings = {
				ALWAYS_SEARCH_USER_PATHS = NO;
				CLANG_ANALYZER_NONNULL = YES;
				CLANG_ANALYZER_NUMBER_OBJECT_CONVERSION = YES_AGGRESSIVE;
				CLANG_CXX_LANGUAGE_STANDARD = "gnu++14";
				CLANG_CXX_LIBRARY = "libc++";
				CLANG_ENABLE_MODULES = YES;
				CLANG_ENABLE_OBJC_ARC = YES;
				CLANG_ENABLE_OBJC_WEAK = YES;
				CLANG_WARN_BLOCK_CAPTURE_AUTORELEASING = YES;
				CLANG_WARN_BOOL_CONVERSION = YES;
				CLANG_WARN_COMMA = YES;
				CLANG_WARN_CONSTANT_CONVERSION = YES;
				CLANG_WARN_DEPRECATED_OBJC_IMPLEMENTATIONS = YES;
				CLANG_WARN_DIRECT_OBJC_ISA_USAGE = YES_ERROR;
				CLANG_WARN_DOCUMENTATION_COMMENTS = YES;
				CLANG_WARN_EMPTY_BODY = YES;
				CLANG_WARN_ENUM_CONVERSION = YES;
				CLANG_WARN_INFINITE_RECURSION = YES;
				CLANG_WARN_INT_CONVERSION = YES;
				CLANG_WARN_NON_LITERAL_NULL_CONVERSION = YES;
				CLANG_WARN_OBJC_IMPLICIT_RETAIN_SELF = YES;
				CLANG_WARN_OBJC_LITERAL_CONVERSION = YES;
				CLANG_WARN_OBJC_ROOT_CLASS = YES_ERROR;
				CLANG_WARN_QUOTED_INCLUDE_IN_FRAMEWORK_HEADER = YES;
				CLANG_WARN_RANGE_LOOP_ANALYSIS = YES;
				CLANG_WARN_STRICT_PROTOTYPES = YES;
				CLANG_WARN_SUSPICIOUS_MOVE = YES;
				CLANG_WARN_UNGUARDED_AVAILABILITY = YES_AGGRESSIVE;
				CLANG_WARN_UNREACHABLE_CODE = YES;
				CLANG_WARN__DUPLICATE_METHOD_MATCH = YES;
				COPY_PHASE_STRIP = NO;
				DEBUG_INFORMATION_FORMAT = "dwarf-with-dsym";
				ENABLE_NS_ASSERTIONS = NO;
				ENABLE_STRICT_OBJC_MSGSEND = YES;
				GCC_C_LANGUAGE_STANDARD = gnu11;
				GCC_NO_COMMON_BLOCKS = YES;
				GCC_WARN_64_TO_32_BIT_CONVERSION = YES;
				GCC_WARN_ABOUT_RETURN_TYPE = YES_ERROR;
				GCC_WARN_UNDECLARED_SELECTOR = YES;
				GCC_WARN_UNINITIALIZED_AUTOS = YES_AGGRESSIVE;
				GCC_WARN_UNUSED_FUNCTION = YES;
				GCC_WARN_UNUSED_VARIABLE = YES;
				IPHONEOS_DEPLOYMENT_TARGET = 14.5;
				MTL_ENABLE_DEBUG_INFO = NO;
				MTL_FAST_MATH = YES;
				SDKROOT = iphoneos;
				SWIFT_COMPILATION_MODE = wholemodule;
				SWIFT_OPTIMIZATION_LEVEL = "-O";
				VALIDATE_PRODUCT = YES;
			};
			name = Release;
		};
		3D215942269D40070064BC86 /* Debug */ = {
			isa = XCBuildConfiguration;
			buildSettings = {
				ASSETCATALOG_COMPILER_APPICON_NAME = AppIcon;
				ASSETCATALOG_COMPILER_GLOBAL_ACCENT_COLOR_NAME = AccentColor;
				CODE_SIGN_STYLE = Automatic;
				DEVELOPMENT_TEAM = 7DZF29DD8P;
				INFOPLIST_FILE = EssentialApp/Info.plist;
				LD_RUNPATH_SEARCH_PATHS = (
					"$(inherited)",
					"@executable_path/Frameworks",
				);
				PRODUCT_BUNDLE_IDENTIFIER = com.nazaralwi.EssentialApp;
				PRODUCT_NAME = "$(TARGET_NAME)";
				SWIFT_VERSION = 5.0;
				TARGETED_DEVICE_FAMILY = "1,2";
			};
			name = Debug;
		};
		3D215943269D40070064BC86 /* Release */ = {
			isa = XCBuildConfiguration;
			buildSettings = {
				ASSETCATALOG_COMPILER_APPICON_NAME = AppIcon;
				ASSETCATALOG_COMPILER_GLOBAL_ACCENT_COLOR_NAME = AccentColor;
				CODE_SIGN_STYLE = Automatic;
				DEVELOPMENT_TEAM = 7DZF29DD8P;
				INFOPLIST_FILE = EssentialApp/Info.plist;
				LD_RUNPATH_SEARCH_PATHS = (
					"$(inherited)",
					"@executable_path/Frameworks",
				);
				PRODUCT_BUNDLE_IDENTIFIER = com.nazaralwi.EssentialApp;
				PRODUCT_NAME = "$(TARGET_NAME)";
				SWIFT_VERSION = 5.0;
				TARGETED_DEVICE_FAMILY = "1,2";
			};
			name = Release;
		};
		3D215957269D4D000064BC86 /* Debug */ = {
			isa = XCBuildConfiguration;
			buildSettings = {
				BUNDLE_LOADER = "$(TEST_HOST)";
				CODE_SIGN_STYLE = Automatic;
				DEVELOPMENT_TEAM = 7DZF29DD8P;
				INFOPLIST_FILE = EssentialAppTests/Info.plist;
				LD_RUNPATH_SEARCH_PATHS = (
					"$(inherited)",
					"@executable_path/Frameworks",
					"@loader_path/Frameworks",
				);
				PRODUCT_BUNDLE_IDENTIFIER = com.nazaralwi.EssentialAppTests;
				PRODUCT_NAME = "$(TARGET_NAME)";
				SWIFT_VERSION = 5.0;
				TARGETED_DEVICE_FAMILY = "1,2";
				TEST_HOST = "$(BUILT_PRODUCTS_DIR)/EssentialApp.app/EssentialApp";
			};
			name = Debug;
		};
		3D215958269D4D000064BC86 /* Release */ = {
			isa = XCBuildConfiguration;
			buildSettings = {
				BUNDLE_LOADER = "$(TEST_HOST)";
				CODE_SIGN_STYLE = Automatic;
				DEVELOPMENT_TEAM = 7DZF29DD8P;
				INFOPLIST_FILE = EssentialAppTests/Info.plist;
				LD_RUNPATH_SEARCH_PATHS = (
					"$(inherited)",
					"@executable_path/Frameworks",
					"@loader_path/Frameworks",
				);
				PRODUCT_BUNDLE_IDENTIFIER = com.nazaralwi.EssentialAppTests;
				PRODUCT_NAME = "$(TARGET_NAME)";
				SWIFT_VERSION = 5.0;
				TARGETED_DEVICE_FAMILY = "1,2";
				TEST_HOST = "$(BUILT_PRODUCTS_DIR)/EssentialApp.app/EssentialApp";
			};
			name = Release;
		};
/* End XCBuildConfiguration section */

/* Begin XCConfigurationList section */
		3D215928269D40020064BC86 /* Build configuration list for PBXProject "EssentialApp" */ = {
			isa = XCConfigurationList;
			buildConfigurations = (
				3D21593F269D40070064BC86 /* Debug */,
				3D215940269D40070064BC86 /* Release */,
			);
			defaultConfigurationIsVisible = 0;
			defaultConfigurationName = Release;
		};
		3D215941269D40070064BC86 /* Build configuration list for PBXNativeTarget "EssentialApp" */ = {
			isa = XCConfigurationList;
			buildConfigurations = (
				3D215942269D40070064BC86 /* Debug */,
				3D215943269D40070064BC86 /* Release */,
			);
			defaultConfigurationIsVisible = 0;
			defaultConfigurationName = Release;
		};
		3D215959269D4D000064BC86 /* Build configuration list for PBXNativeTarget "EssentialAppTests" */ = {
			isa = XCConfigurationList;
			buildConfigurations = (
				3D215957269D4D000064BC86 /* Debug */,
				3D215958269D4D000064BC86 /* Release */,
			);
			defaultConfigurationIsVisible = 0;
			defaultConfigurationName = Release;
		};
/* End XCConfigurationList section */
	};
	rootObject = 3D215925269D40020064BC86 /* Project object */;
}
